// !$*UTF8*$!
{
	archiveVersion = 1;
	classes = {
	};
	objectVersion = 46;
	objects = {

/* Begin PBXBuildFile section */
		2C2E64C31B78DA2000B25B6E /* AStar.swift in Sources */ = {isa = PBXBuildFile; fileRef = 2C2E64C21B78DA2000B25B6E /* AStar.swift */; };
		2C2E64C51B78DC7600B25B6E /* TileCoordinate.swift in Sources */ = {isa = PBXBuildFile; fileRef = 2C2E64C41B78DC7600B25B6E /* TileCoordinate.swift */; };
		2C2E64CB1B78F15300B25B6E /* Dialog.swift in Sources */ = {isa = PBXBuildFile; fileRef = 2C2E64CA1B78F15300B25B6E /* Dialog.swift */; };
		2C363A541B7B20260042FA2D /* EventDispatcher.swift in Sources */ = {isa = PBXBuildFile; fileRef = 2C363A531B7B20260042FA2D /* EventDispatcher.swift */; };
		31F45FD92992618C417309D0 /* Pods_RunTowardTheLight.framework in Frameworks */ = {isa = PBXBuildFile; fileRef = 398F043C2391E07E7F8A26F2 /* Pods_RunTowardTheLight.framework */; settings = {ATTRIBUTES = (Weak, ); }; };
		A0112D901C7DB10700E225CC /* zPositionTable.swift in Sources */ = {isa = PBXBuildFile; fileRef = A0112D8F1C7DB10700E225CC /* zPositionTable.swift */; };
		A02DDEE21C7ACEAE007C5BC2 /* TileSet.swift in Sources */ = {isa = PBXBuildFile; fileRef = A02DDEE11C7ACEAD007C5BC2 /* TileSet.swift */; };
		A02DDEE61C7AF0C9007C5BC2 /* Map.swift in Sources */ = {isa = PBXBuildFile; fileRef = A02DDEE51C7AF0C9007C5BC2 /* Map.swift */; };
		A02DDEE91C7BD050007C5BC2 /* objectNameTable.swift in Sources */ = {isa = PBXBuildFile; fileRef = A02DDEE81C7BD050007C5BC2 /* objectNameTable.swift */; };
		A02F0CA81C284CB500997B86 /* sample_map.json in Resources */ = {isa = PBXBuildFile; fileRef = A02F0CA61C284CB500997B86 /* sample_map.json */; };
		A02F0CA91C284CB500997B86 /* sample_map02.json in Resources */ = {isa = PBXBuildFile; fileRef = A02F0CA71C284CB500997B86 /* sample_map02.json */; };
		A02F0CB51C284D0F00997B86 /* black.png in Resources */ = {isa = PBXBuildFile; fileRef = A02F0CAA1C284D0F00997B86 /* black.png */; };
		A02F0CB61C284D0F00997B86 /* collisions.png in Resources */ = {isa = PBXBuildFile; fileRef = A02F0CAB1C284D0F00997B86 /* collisions.png */; };
		A02F0CB71C284D0F00997B86 /* kanamono_gake_01.png in Resources */ = {isa = PBXBuildFile; fileRef = A02F0CAC1C284D0F00997B86 /* kanamono_gake_01.png */; };
		A02F0CB81C284D0F00997B86 /* kanamono_gake_02.png in Resources */ = {isa = PBXBuildFile; fileRef = A02F0CAD1C284D0F00997B86 /* kanamono_gake_02.png */; };
		A02F0CB91C284D0F00997B86 /* kanamono_gake_03.png in Resources */ = {isa = PBXBuildFile; fileRef = A02F0CAE1C284D0F00997B86 /* kanamono_gake_03.png */; };
		A02F0CBA1C284D0F00997B86 /* kanamono_tile.png in Resources */ = {isa = PBXBuildFile; fileRef = A02F0CAF1C284D0F00997B86 /* kanamono_tile.png */; };
		A02F0CBB1C284D0F00997B86 /* kanamono_wall_01.png in Resources */ = {isa = PBXBuildFile; fileRef = A02F0CB01C284D0F00997B86 /* kanamono_wall_01.png */; };
		A02F0CBC1C284D0F00997B86 /* kanamono_wall_02.png in Resources */ = {isa = PBXBuildFile; fileRef = A02F0CB11C284D0F00997B86 /* kanamono_wall_02.png */; };
		A02F0CBD1C284D0F00997B86 /* kanamono_wall_03.png in Resources */ = {isa = PBXBuildFile; fileRef = A02F0CB21C284D0F00997B86 /* kanamono_wall_03.png */; };
		A02F0CBE1C284D0F00997B86 /* kanamono_wall.png in Resources */ = {isa = PBXBuildFile; fileRef = A02F0CB31C284D0F00997B86 /* kanamono_wall.png */; };
		A02F0CBF1C284D0F00997B86 /* mob.png in Resources */ = {isa = PBXBuildFile; fileRef = A02F0CB41C284D0F00997B86 /* mob.png */; };
		A05BEFAA1BB538CF00A17C13 /* plr_down.png in Resources */ = {isa = PBXBuildFile; fileRef = A05BEFA61BB538CF00A17C13 /* plr_down.png */; };
		A05BEFAB1BB538CF00A17C13 /* plr_up.png in Resources */ = {isa = PBXBuildFile; fileRef = A05BEFA71BB538CF00A17C13 /* plr_up.png */; };
		A05BEFAC1BB538CF00A17C13 /* plr_right.png in Resources */ = {isa = PBXBuildFile; fileRef = A05BEFA81BB538CF00A17C13 /* plr_right.png */; };
		A05BEFAD1BB538CF00A17C13 /* plr_left.png in Resources */ = {isa = PBXBuildFile; fileRef = A05BEFA91BB538CF00A17C13 /* plr_left.png */; };
		A06593D21C721A1000148D2B /* MapObject.swift in Sources */ = {isa = PBXBuildFile; fileRef = A06593D11C721A1000148D2B /* MapObject.swift */; };
		A06D85A91C7EA58A003F19BB /* TitleScene.xib in Resources */ = {isa = PBXBuildFile; fileRef = A06D85A81C7EA58A003F19BB /* TitleScene.xib */; };
		A08258DE1BB91C600083FDFD /* GameSceneEvent.swift in Sources */ = {isa = PBXBuildFile; fileRef = A08258DD1BB91C600083FDFD /* GameSceneEvent.swift */; };
		A0B3C84A1B991DA500DEDDE0 /* EventListener.swift in Sources */ = {isa = PBXBuildFile; fileRef = A0B3C8491B991DA500DEDDE0 /* EventListener.swift */; };
		A0B4207A1BCBDAC700FBACF7 /* TiledMapJsonParser.swift in Sources */ = {isa = PBXBuildFile; fileRef = A0B420791BCBDAC700FBACF7 /* TiledMapJsonParser.swift */; };
		A0E1CE441BCBA03A004149E4 /* player.png in Resources */ = {isa = PBXBuildFile; fileRef = A0E1CE431BCBA03A004149E4 /* player.png */; };
		B7E1E3F2F79AA070236C0C26 /* Pods.framework in Frameworks */ = {isa = PBXBuildFile; fileRef = C2C518581BF2EDF721F1D5E0 /* Pods.framework */; };
		D72319F21B5699F200D13BAA /* TitleViewController.swift in Sources */ = {isa = PBXBuildFile; fileRef = D72319F11B5699F200D13BAA /* TitleViewController.swift */; };
		D7747D0F1B6E2EF600793445 /* main.png in Resources */ = {isa = PBXBuildFile; fileRef = D7747D0E1B6E2EF600793445 /* main.png */; };
		D7747D111B6E2EFE00793445 /* title.png in Resources */ = {isa = PBXBuildFile; fileRef = D7747D101B6E2EFE00793445 /* title.png */; };
		D7747D131B6E37BF00793445 /* start.png in Resources */ = {isa = PBXBuildFile; fileRef = D7747D121B6E37BF00793445 /* start.png */; };
		D7747D251B6E58F300793445 /* common.swift in Sources */ = {isa = PBXBuildFile; fileRef = D7747D241B6E58F300793445 /* common.swift */; };
		D7A7CE161B761B1500E0557C /* Node.swift in Sources */ = {isa = PBXBuildFile; fileRef = D7A7CE151B761B1500E0557C /* Node.swift */; };
		D7BFE5451B521A8600AB0D3A /* tasuwo.png in Resources */ = {isa = PBXBuildFile; fileRef = D7BFE5431B521A8600AB0D3A /* tasuwo.png */; };
		D7BFE5481B521BBF00AB0D3A /* TitleScene.swift in Sources */ = {isa = PBXBuildFile; fileRef = D7BFE5471B521BBF00AB0D3A /* TitleScene.swift */; };
		D7C157A01B3E9CD400C13909 /* AppDelegate.swift in Sources */ = {isa = PBXBuildFile; fileRef = D7C1579F1B3E9CD400C13909 /* AppDelegate.swift */; };
		D7C157A21B3E9CD400C13909 /* GameScene.sks in Resources */ = {isa = PBXBuildFile; fileRef = D7C157A11B3E9CD400C13909 /* GameScene.sks */; };
		D7C157A41B3E9CD400C13909 /* GameScene.swift in Sources */ = {isa = PBXBuildFile; fileRef = D7C157A31B3E9CD400C13909 /* GameScene.swift */; };
		D7C157A61B3E9CD400C13909 /* GameViewController.swift in Sources */ = {isa = PBXBuildFile; fileRef = D7C157A51B3E9CD400C13909 /* GameViewController.swift */; };
		D7C157AB1B3E9CD400C13909 /* Images.xcassets in Resources */ = {isa = PBXBuildFile; fileRef = D7C157AA1B3E9CD400C13909 /* Images.xcassets */; };
		D7C157BA1B3E9CD400C13909 /* RunTowardTheLightTests.swift in Sources */ = {isa = PBXBuildFile; fileRef = D7C157B91B3E9CD400C13909 /* RunTowardTheLightTests.swift */; };
		D7D8A5AB1B70652600147A45 /* Object.swift in Sources */ = {isa = PBXBuildFile; fileRef = D7D8A5AA1B70652600147A45 /* Object.swift */; };
		D7D97FFF1B6F05B1000704B0 /* Tile.swift in Sources */ = {isa = PBXBuildFile; fileRef = D7D97FFE1B6F05B1000704B0 /* Tile.swift */; };
		D7D980011B6F05C3000704B0 /* TileSheet.swift in Sources */ = {isa = PBXBuildFile; fileRef = D7D980001B6F05C3000704B0 /* TileSheet.swift */; };
/* End PBXBuildFile section */

/* Begin PBXContainerItemProxy section */
		D7C157B41B3E9CD400C13909 /* PBXContainerItemProxy */ = {
			isa = PBXContainerItemProxy;
			containerPortal = D7C157921B3E9CD400C13909 /* Project object */;
			proxyType = 1;
			remoteGlobalIDString = D7C157991B3E9CD400C13909;
			remoteInfo = RunTowardTheLight;
		};
/* End PBXContainerItemProxy section */

/* Begin PBXFileReference section */
		060E2FC1342A2CCADE082D89 /* Pods.release.xcconfig */ = {isa = PBXFileReference; includeInIndex = 1; lastKnownFileType = text.xcconfig; name = Pods.release.xcconfig; path = "Pods/Target Support Files/Pods/Pods.release.xcconfig"; sourceTree = "<group>"; };
		2C2E64C21B78DA2000B25B6E /* AStar.swift */ = {isa = PBXFileReference; fileEncoding = 4; lastKnownFileType = sourcecode.swift; path = AStar.swift; sourceTree = "<group>"; };
		2C2E64C41B78DC7600B25B6E /* TileCoordinate.swift */ = {isa = PBXFileReference; fileEncoding = 4; lastKnownFileType = sourcecode.swift; path = TileCoordinate.swift; sourceTree = "<group>"; };
		2C2E64CA1B78F15300B25B6E /* Dialog.swift */ = {isa = PBXFileReference; fileEncoding = 4; lastKnownFileType = sourcecode.swift; path = Dialog.swift; sourceTree = "<group>"; };
		2C363A531B7B20260042FA2D /* EventDispatcher.swift */ = {isa = PBXFileReference; fileEncoding = 4; lastKnownFileType = sourcecode.swift; path = EventDispatcher.swift; sourceTree = "<group>"; };
		38EE3DCDD0A8B6A98373E003 /* Pods-RunTowardTheLight.release.xcconfig */ = {isa = PBXFileReference; includeInIndex = 1; lastKnownFileType = text.xcconfig; name = "Pods-RunTowardTheLight.release.xcconfig"; path = "Pods/Target Support Files/Pods-RunTowardTheLight/Pods-RunTowardTheLight.release.xcconfig"; sourceTree = "<group>"; };
		398F043C2391E07E7F8A26F2 /* Pods_RunTowardTheLight.framework */ = {isa = PBXFileReference; explicitFileType = wrapper.framework; includeInIndex = 0; path = Pods_RunTowardTheLight.framework; sourceTree = BUILT_PRODUCTS_DIR; };
		A0112D8F1C7DB10700E225CC /* zPositionTable.swift */ = {isa = PBXFileReference; fileEncoding = 4; lastKnownFileType = sourcecode.swift; path = zPositionTable.swift; sourceTree = "<group>"; };
		A02DDEE11C7ACEAD007C5BC2 /* TileSet.swift */ = {isa = PBXFileReference; fileEncoding = 4; lastKnownFileType = sourcecode.swift; path = TileSet.swift; sourceTree = "<group>"; };
		A02DDEE51C7AF0C9007C5BC2 /* Map.swift */ = {isa = PBXFileReference; fileEncoding = 4; lastKnownFileType = sourcecode.swift; path = Map.swift; sourceTree = "<group>"; };
		A02DDEE81C7BD050007C5BC2 /* objectNameTable.swift */ = {isa = PBXFileReference; fileEncoding = 4; lastKnownFileType = sourcecode.swift; path = objectNameTable.swift; sourceTree = "<group>"; };
		A02F0CA61C284CB500997B86 /* sample_map.json */ = {isa = PBXFileReference; fileEncoding = 4; lastKnownFileType = text.json; path = sample_map.json; sourceTree = "<group>"; };
		A02F0CA71C284CB500997B86 /* sample_map02.json */ = {isa = PBXFileReference; fileEncoding = 4; lastKnownFileType = text.json; path = sample_map02.json; sourceTree = "<group>"; };
		A02F0CAA1C284D0F00997B86 /* black.png */ = {isa = PBXFileReference; lastKnownFileType = image.png; path = black.png; sourceTree = "<group>"; };
		A02F0CAB1C284D0F00997B86 /* collisions.png */ = {isa = PBXFileReference; lastKnownFileType = image.png; path = collisions.png; sourceTree = "<group>"; };
		A02F0CAC1C284D0F00997B86 /* kanamono_gake_01.png */ = {isa = PBXFileReference; lastKnownFileType = image.png; path = kanamono_gake_01.png; sourceTree = "<group>"; };
		A02F0CAD1C284D0F00997B86 /* kanamono_gake_02.png */ = {isa = PBXFileReference; lastKnownFileType = image.png; path = kanamono_gake_02.png; sourceTree = "<group>"; };
		A02F0CAE1C284D0F00997B86 /* kanamono_gake_03.png */ = {isa = PBXFileReference; lastKnownFileType = image.png; path = kanamono_gake_03.png; sourceTree = "<group>"; };
		A02F0CAF1C284D0F00997B86 /* kanamono_tile.png */ = {isa = PBXFileReference; lastKnownFileType = image.png; path = kanamono_tile.png; sourceTree = "<group>"; };
		A02F0CB01C284D0F00997B86 /* kanamono_wall_01.png */ = {isa = PBXFileReference; lastKnownFileType = image.png; path = kanamono_wall_01.png; sourceTree = "<group>"; };
		A02F0CB11C284D0F00997B86 /* kanamono_wall_02.png */ = {isa = PBXFileReference; lastKnownFileType = image.png; path = kanamono_wall_02.png; sourceTree = "<group>"; };
		A02F0CB21C284D0F00997B86 /* kanamono_wall_03.png */ = {isa = PBXFileReference; lastKnownFileType = image.png; path = kanamono_wall_03.png; sourceTree = "<group>"; };
		A02F0CB31C284D0F00997B86 /* kanamono_wall.png */ = {isa = PBXFileReference; lastKnownFileType = image.png; path = kanamono_wall.png; sourceTree = "<group>"; };
		A02F0CB41C284D0F00997B86 /* mob.png */ = {isa = PBXFileReference; lastKnownFileType = image.png; path = mob.png; sourceTree = "<group>"; };
		A05BEFA61BB538CF00A17C13 /* plr_down.png */ = {isa = PBXFileReference; lastKnownFileType = image.png; path = plr_down.png; sourceTree = "<group>"; };
		A05BEFA71BB538CF00A17C13 /* plr_up.png */ = {isa = PBXFileReference; lastKnownFileType = image.png; path = plr_up.png; sourceTree = "<group>"; };
		A05BEFA81BB538CF00A17C13 /* plr_right.png */ = {isa = PBXFileReference; lastKnownFileType = image.png; path = plr_right.png; sourceTree = "<group>"; };
		A05BEFA91BB538CF00A17C13 /* plr_left.png */ = {isa = PBXFileReference; lastKnownFileType = image.png; path = plr_left.png; sourceTree = "<group>"; };
		A06593D11C721A1000148D2B /* MapObject.swift */ = {isa = PBXFileReference; fileEncoding = 4; lastKnownFileType = sourcecode.swift; path = MapObject.swift; sourceTree = "<group>"; };
		A06D85A81C7EA58A003F19BB /* TitleScene.xib */ = {isa = PBXFileReference; fileEncoding = 4; lastKnownFileType = file.xib; path = TitleScene.xib; sourceTree = "<group>"; };
		A08258DD1BB91C600083FDFD /* GameSceneEvent.swift */ = {isa = PBXFileReference; fileEncoding = 4; lastKnownFileType = sourcecode.swift; path = GameSceneEvent.swift; sourceTree = "<group>"; };
		A0B3C8491B991DA500DEDDE0 /* EventListener.swift */ = {isa = PBXFileReference; fileEncoding = 4; lastKnownFileType = sourcecode.swift; path = EventListener.swift; sourceTree = "<group>"; };
		A0B420791BCBDAC700FBACF7 /* TiledMapJsonParser.swift */ = {isa = PBXFileReference; fileEncoding = 4; lastKnownFileType = sourcecode.swift; path = TiledMapJsonParser.swift; sourceTree = "<group>"; };
		A0E1CE431BCBA03A004149E4 /* player.png */ = {isa = PBXFileReference; lastKnownFileType = image.png; path = player.png; sourceTree = "<group>"; };
		A99BB921E5ACADBDB505E189 /* Pods-RunTowardTheLight.debug.xcconfig */ = {isa = PBXFileReference; includeInIndex = 1; lastKnownFileType = text.xcconfig; name = "Pods-RunTowardTheLight.debug.xcconfig"; path = "Pods/Target Support Files/Pods-RunTowardTheLight/Pods-RunTowardTheLight.debug.xcconfig"; sourceTree = "<group>"; };
		C2C518581BF2EDF721F1D5E0 /* Pods.framework */ = {isa = PBXFileReference; explicitFileType = wrapper.framework; includeInIndex = 0; path = Pods.framework; sourceTree = BUILT_PRODUCTS_DIR; };
		D72319F11B5699F200D13BAA /* TitleViewController.swift */ = {isa = PBXFileReference; fileEncoding = 4; lastKnownFileType = sourcecode.swift; path = TitleViewController.swift; sourceTree = "<group>"; };
		D7747D0E1B6E2EF600793445 /* main.png */ = {isa = PBXFileReference; lastKnownFileType = image.png; path = main.png; sourceTree = "<group>"; };
		D7747D101B6E2EFE00793445 /* title.png */ = {isa = PBXFileReference; lastKnownFileType = image.png; path = title.png; sourceTree = "<group>"; };
		D7747D121B6E37BF00793445 /* start.png */ = {isa = PBXFileReference; lastKnownFileType = image.png; path = start.png; sourceTree = "<group>"; };
		D7747D241B6E58F300793445 /* common.swift */ = {isa = PBXFileReference; fileEncoding = 4; lastKnownFileType = sourcecode.swift; path = common.swift; sourceTree = "<group>"; };
		D7A7CE151B761B1500E0557C /* Node.swift */ = {isa = PBXFileReference; fileEncoding = 4; lastKnownFileType = sourcecode.swift; path = Node.swift; sourceTree = "<group>"; };
		D7BFE5431B521A8600AB0D3A /* tasuwo.png */ = {isa = PBXFileReference; lastKnownFileType = image.png; path = tasuwo.png; sourceTree = "<group>"; };
		D7BFE5471B521BBF00AB0D3A /* TitleScene.swift */ = {isa = PBXFileReference; fileEncoding = 4; lastKnownFileType = sourcecode.swift; path = TitleScene.swift; sourceTree = "<group>"; };
		D7C1579A1B3E9CD400C13909 /* RunTowardTheLight.app */ = {isa = PBXFileReference; explicitFileType = wrapper.application; includeInIndex = 0; path = RunTowardTheLight.app; sourceTree = BUILT_PRODUCTS_DIR; };
		D7C1579E1B3E9CD400C13909 /* Info.plist */ = {isa = PBXFileReference; lastKnownFileType = text.plist.xml; path = Info.plist; sourceTree = "<group>"; };
		D7C1579F1B3E9CD400C13909 /* AppDelegate.swift */ = {isa = PBXFileReference; lastKnownFileType = sourcecode.swift; path = AppDelegate.swift; sourceTree = "<group>"; };
		D7C157A11B3E9CD400C13909 /* GameScene.sks */ = {isa = PBXFileReference; lastKnownFileType = file.sks; path = GameScene.sks; sourceTree = "<group>"; };
		D7C157A31B3E9CD400C13909 /* GameScene.swift */ = {isa = PBXFileReference; lastKnownFileType = sourcecode.swift; path = GameScene.swift; sourceTree = "<group>"; };
		D7C157A51B3E9CD400C13909 /* GameViewController.swift */ = {isa = PBXFileReference; lastKnownFileType = sourcecode.swift; path = GameViewController.swift; sourceTree = "<group>"; };
		D7C157AA1B3E9CD400C13909 /* Images.xcassets */ = {isa = PBXFileReference; lastKnownFileType = folder.assetcatalog; path = Images.xcassets; sourceTree = "<group>"; };
		D7C157B31B3E9CD400C13909 /* RunTowardTheLightTests.xctest */ = {isa = PBXFileReference; explicitFileType = wrapper.cfbundle; includeInIndex = 0; path = RunTowardTheLightTests.xctest; sourceTree = BUILT_PRODUCTS_DIR; };
		D7C157B81B3E9CD400C13909 /* Info.plist */ = {isa = PBXFileReference; lastKnownFileType = text.plist.xml; path = Info.plist; sourceTree = "<group>"; };
		D7C157B91B3E9CD400C13909 /* RunTowardTheLightTests.swift */ = {isa = PBXFileReference; lastKnownFileType = sourcecode.swift; path = RunTowardTheLightTests.swift; sourceTree = "<group>"; };
		D7D8A5AA1B70652600147A45 /* Object.swift */ = {isa = PBXFileReference; fileEncoding = 4; lastKnownFileType = sourcecode.swift; path = Object.swift; sourceTree = "<group>"; };
		D7D97FFE1B6F05B1000704B0 /* Tile.swift */ = {isa = PBXFileReference; fileEncoding = 4; lastKnownFileType = sourcecode.swift; path = Tile.swift; sourceTree = "<group>"; };
		D7D980001B6F05C3000704B0 /* TileSheet.swift */ = {isa = PBXFileReference; fileEncoding = 4; lastKnownFileType = sourcecode.swift; path = TileSheet.swift; sourceTree = "<group>"; };
		FA71FE00A6658134F7DA1D52 /* Pods.debug.xcconfig */ = {isa = PBXFileReference; includeInIndex = 1; lastKnownFileType = text.xcconfig; name = Pods.debug.xcconfig; path = "Pods/Target Support Files/Pods/Pods.debug.xcconfig"; sourceTree = "<group>"; };
/* End PBXFileReference section */

/* Begin PBXFrameworksBuildPhase section */
		D7C157971B3E9CD400C13909 /* Frameworks */ = {
			isa = PBXFrameworksBuildPhase;
			buildActionMask = 2147483647;
			files = (
				31F45FD92992618C417309D0 /* Pods_RunTowardTheLight.framework in Frameworks */,
				B7E1E3F2F79AA070236C0C26 /* Pods.framework in Frameworks */,
			);
			runOnlyForDeploymentPostprocessing = 0;
		};
		D7C157B01B3E9CD400C13909 /* Frameworks */ = {
			isa = PBXFrameworksBuildPhase;
			buildActionMask = 2147483647;
			files = (
			);
			runOnlyForDeploymentPostprocessing = 0;
		};
/* End PBXFrameworksBuildPhase section */

/* Begin PBXGroup section */
		2C2E64C61B78DCD300B25B6E /* Map */ = {
			isa = PBXGroup;
			children = (
				A06593D51C72F06200148D2B /* TileSheet */,
				A02DDEE51C7AF0C9007C5BC2 /* Map.swift */,
				A0B420791BCBDAC700FBACF7 /* TiledMapJsonParser.swift */,
			);
			path = Map;
			sourceTree = "<group>";
		};
		2C2E64C71B78DCDF00B25B6E /* A-star */ = {
			isa = PBXGroup;
			children = (
				2C2E64C21B78DA2000B25B6E /* AStar.swift */,
				D7A7CE151B761B1500E0557C /* Node.swift */,
			);
			path = "A-star";
			sourceTree = "<group>";
		};
		981DBCD92BFFE134BED803A5 /* Frameworks */ = {
			isa = PBXGroup;
			children = (
				398F043C2391E07E7F8A26F2 /* Pods_RunTowardTheLight.framework */,
				C2C518581BF2EDF721F1D5E0 /* Pods.framework */,
			);
			name = Frameworks;
			sourceTree = "<group>";
		};
		A02DDEE71C7BD01E007C5BC2 /* Setting */ = {
			isa = PBXGroup;
			children = (
				A02DDEE81C7BD050007C5BC2 /* objectNameTable.swift */,
				A0112D8F1C7DB10700E225CC /* zPositionTable.swift */,
			);
			path = Setting;
			sourceTree = "<group>";
		};
		A05BEFA51BB538C300A17C13 /* Player */ = {
			isa = PBXGroup;
			children = (
				A0E1CE431BCBA03A004149E4 /* player.png */,
				A05BEFA61BB538CF00A17C13 /* plr_down.png */,
				A05BEFA91BB538CF00A17C13 /* plr_left.png */,
				A05BEFA81BB538CF00A17C13 /* plr_right.png */,
				A05BEFA71BB538CF00A17C13 /* plr_up.png */,
			);
			path = Player;
			sourceTree = "<group>";
		};
		A06593D51C72F06200148D2B /* TileSheet */ = {
			isa = PBXGroup;
			children = (
				A06593D61C72F07600148D2B /* MapObject */,
				2C2E64C41B78DC7600B25B6E /* TileCoordinate.swift */,
				A02DDEE11C7ACEAD007C5BC2 /* TileSet.swift */,
				D7D980001B6F05C3000704B0 /* TileSheet.swift */,
			);
			path = TileSheet;
			sourceTree = "<group>";
		};
		A06593D61C72F07600148D2B /* MapObject */ = {
			isa = PBXGroup;
			children = (
				A06593D11C721A1000148D2B /* MapObject.swift */,
				D7D8A5AA1B70652600147A45 /* Object.swift */,
				D7D97FFE1B6F05B1000704B0 /* Tile.swift */,
			);
			path = MapObject;
			sourceTree = "<group>";
		};
		A087DC561C7149D3003BBDB1 /* Util */ = {
			isa = PBXGroup;
			children = (
				A08258DD1BB91C600083FDFD /* GameSceneEvent.swift */,
			);
			path = Util;
			sourceTree = "<group>";
		};
		A096E5641B9D65C100CED511 /* Dialog */ = {
			isa = PBXGroup;
			children = (
				2C2E64CA1B78F15300B25B6E /* Dialog.swift */,
			);
			path = Dialog;
			sourceTree = "<group>";
		};
		A0B3C8481B991B7F00DEDDE0 /* Event */ = {
			isa = PBXGroup;
			children = (
				A087DC561C7149D3003BBDB1 /* Util */,
				2C363A531B7B20260042FA2D /* EventDispatcher.swift */,
				A0B3C8491B991DA500DEDDE0 /* EventListener.swift */,
			);
			path = Event;
			sourceTree = "<group>";
		};
		D7BFE53D1B5218E500AB0D3A /* src */ = {
			isa = PBXGroup;
			children = (
				D7BFE53F1B5218F800AB0D3A /* Controller */,
				D7BFE53E1B5218F000AB0D3A /* Model */,
				D7BFE5401B5218FE00AB0D3A /* View */,
				D7C1579F1B3E9CD400C13909 /* AppDelegate.swift */,
			);
			path = src;
			sourceTree = "<group>";
		};
		D7BFE53E1B5218F000AB0D3A /* Model */ = {
			isa = PBXGroup;
			children = (
				2C2E64C71B78DCDF00B25B6E /* A-star */,
				A096E5641B9D65C100CED511 /* Dialog */,
				A0B3C8481B991B7F00DEDDE0 /* Event */,
				2C2E64C61B78DCD300B25B6E /* Map */,
				A02DDEE71C7BD01E007C5BC2 /* Setting */,
				D7747D241B6E58F300793445 /* common.swift */,
			);
			path = Model;
			sourceTree = "<group>";
		};
		D7BFE53F1B5218F800AB0D3A /* Controller */ = {
			isa = PBXGroup;
			children = (
				D7C157A51B3E9CD400C13909 /* GameViewController.swift */,
				D72319F11B5699F200D13BAA /* TitleViewController.swift */,
			);
			path = Controller;
			sourceTree = "<group>";
		};
		D7BFE5401B5218FE00AB0D3A /* View */ = {
			isa = PBXGroup;
			children = (
				D7C157A31B3E9CD400C13909 /* GameScene.swift */,
				D7BFE5471B521BBF00AB0D3A /* TitleScene.swift */,
				A06D85A81C7EA58A003F19BB /* TitleScene.xib */,
			);
			path = View;
			sourceTree = "<group>";
		};
		D7BFE5411B5219E400AB0D3A /* resources */ = {
			isa = PBXGroup;
			children = (
				D7BFE5461B521A8C00AB0D3A /* image */,
			);
			path = resources;
			sourceTree = "<group>";
		};
		D7BFE5461B521A8C00AB0D3A /* image */ = {
			isa = PBXGroup;
			children = (
				A05BEFA51BB538C300A17C13 /* Player */,
				D7D8A5A91B7061D100147A45 /* map */,
				D7C157AA1B3E9CD400C13909 /* Images.xcassets */,
				D7747D0E1B6E2EF600793445 /* main.png */,
				D7747D121B6E37BF00793445 /* start.png */,
				D7BFE5431B521A8600AB0D3A /* tasuwo.png */,
				D7747D101B6E2EFE00793445 /* title.png */,
			);
			path = image;
			sourceTree = "<group>";
		};
		D7C157911B3E9CD400C13909 = {
			isa = PBXGroup;
			children = (
				981DBCD92BFFE134BED803A5 /* Frameworks */,
				E43709AD1083B6F6019D4BA5 /* Pods */,
				D7C1579B1B3E9CD400C13909 /* Products */,
				D7C1579C1B3E9CD400C13909 /* RunTowardTheLight */,
				D7C157B61B3E9CD400C13909 /* RunTowardTheLightTests */,
			);
			sourceTree = "<group>";
		};
		D7C1579B1B3E9CD400C13909 /* Products */ = {
			isa = PBXGroup;
			children = (
				D7C1579A1B3E9CD400C13909 /* RunTowardTheLight.app */,
				D7C157B31B3E9CD400C13909 /* RunTowardTheLightTests.xctest */,
			);
			name = Products;
			sourceTree = "<group>";
		};
		D7C1579C1B3E9CD400C13909 /* RunTowardTheLight */ = {
			isa = PBXGroup;
			children = (
				D7C1579D1B3E9CD400C13909 /* Supporting Files */,
				D7BFE5411B5219E400AB0D3A /* resources */,
				D7BFE53D1B5218E500AB0D3A /* src */,
			);
			path = RunTowardTheLight;
			sourceTree = "<group>";
		};
		D7C1579D1B3E9CD400C13909 /* Supporting Files */ = {
			isa = PBXGroup;
			children = (
				D7C157A11B3E9CD400C13909 /* GameScene.sks */,
				D7C1579E1B3E9CD400C13909 /* Info.plist */,
			);
			path = "Supporting Files";
			sourceTree = "<group>";
		};
		D7C157B61B3E9CD400C13909 /* RunTowardTheLightTests */ = {
			isa = PBXGroup;
			children = (
				D7C157B71B3E9CD400C13909 /* Supporting Files */,
				D7C157B91B3E9CD400C13909 /* RunTowardTheLightTests.swift */,
			);
			path = RunTowardTheLightTests;
			sourceTree = "<group>";
		};
		D7C157B71B3E9CD400C13909 /* Supporting Files */ = {
			isa = PBXGroup;
			children = (
				D7C157B81B3E9CD400C13909 /* Info.plist */,
			);
			path = "Supporting Files";
			sourceTree = "<group>";
		};
		D7D8A5A91B7061D100147A45 /* map */ = {
			isa = PBXGroup;
			children = (
				A02F0CAA1C284D0F00997B86 /* black.png */,
				A02F0CAB1C284D0F00997B86 /* collisions.png */,
				A02F0CAC1C284D0F00997B86 /* kanamono_gake_01.png */,
				A02F0CAD1C284D0F00997B86 /* kanamono_gake_02.png */,
				A02F0CAE1C284D0F00997B86 /* kanamono_gake_03.png */,
				A02F0CAF1C284D0F00997B86 /* kanamono_tile.png */,
				A02F0CB31C284D0F00997B86 /* kanamono_wall.png */,
				A02F0CB01C284D0F00997B86 /* kanamono_wall_01.png */,
				A02F0CB11C284D0F00997B86 /* kanamono_wall_02.png */,
				A02F0CB21C284D0F00997B86 /* kanamono_wall_03.png */,
				A02F0CB41C284D0F00997B86 /* mob.png */,
				A02F0CA61C284CB500997B86 /* sample_map.json */,
				A02F0CA71C284CB500997B86 /* sample_map02.json */,
			);
			path = map;
			sourceTree = "<group>";
		};
		E43709AD1083B6F6019D4BA5 /* Pods */ = {
			isa = PBXGroup;
			children = (
				A99BB921E5ACADBDB505E189 /* Pods-RunTowardTheLight.debug.xcconfig */,
				38EE3DCDD0A8B6A98373E003 /* Pods-RunTowardTheLight.release.xcconfig */,
				FA71FE00A6658134F7DA1D52 /* Pods.debug.xcconfig */,
				060E2FC1342A2CCADE082D89 /* Pods.release.xcconfig */,
			);
			name = Pods;
			sourceTree = "<group>";
		};
/* End PBXGroup section */

/* Begin PBXNativeTarget section */
		D7C157991B3E9CD400C13909 /* RunTowardTheLight */ = {
			isa = PBXNativeTarget;
			buildConfigurationList = D7C157BD1B3E9CD400C13909 /* Build configuration list for PBXNativeTarget "RunTowardTheLight" */;
			buildPhases = (
				8D08BBC7CEDB9A35CB88CE23 /* Check Pods Manifest.lock */,
				D7C157961B3E9CD400C13909 /* Sources */,
				D7C157971B3E9CD400C13909 /* Frameworks */,
				D7C157981B3E9CD400C13909 /* Resources */,
				0BA6AC229842A999676F9855 /* Embed Pods Frameworks */,
				6BF314DC602108B0AEAF31AF /* Copy Pods Resources */,
			);
			buildRules = (
			);
			dependencies = (
			);
			name = RunTowardTheLight;
			productName = RunTowardTheLight;
			productReference = D7C1579A1B3E9CD400C13909 /* RunTowardTheLight.app */;
			productType = "com.apple.product-type.application";
		};
		D7C157B21B3E9CD400C13909 /* RunTowardTheLightTests */ = {
			isa = PBXNativeTarget;
			buildConfigurationList = D7C157C01B3E9CD400C13909 /* Build configuration list for PBXNativeTarget "RunTowardTheLightTests" */;
			buildPhases = (
				D7C157AF1B3E9CD400C13909 /* Sources */,
				D7C157B01B3E9CD400C13909 /* Frameworks */,
				D7C157B11B3E9CD400C13909 /* Resources */,
			);
			buildRules = (
			);
			dependencies = (
				D7C157B51B3E9CD400C13909 /* PBXTargetDependency */,
			);
			name = RunTowardTheLightTests;
			productName = RunTowardTheLightTests;
			productReference = D7C157B31B3E9CD400C13909 /* RunTowardTheLightTests.xctest */;
			productType = "com.apple.product-type.bundle.unit-test";
		};
/* End PBXNativeTarget section */

/* Begin PBXProject section */
		D7C157921B3E9CD400C13909 /* Project object */ = {
			isa = PBXProject;
			attributes = {
				LastSwiftMigration = 0700;
				LastSwiftUpdateCheck = 0700;
				LastUpgradeCheck = 0630;
				ORGANIZATIONNAME = "兎澤佑";
				TargetAttributes = {
					D7C157991B3E9CD400C13909 = {
						CreatedOnToolsVersion = 6.3.2;
						DevelopmentTeam = RY2377PP7S;
					};
					D7C157B21B3E9CD400C13909 = {
						CreatedOnToolsVersion = 6.3.2;
						TestTargetID = D7C157991B3E9CD400C13909;
					};
				};
			};
			buildConfigurationList = D7C157951B3E9CD400C13909 /* Build configuration list for PBXProject "RunTowardTheLight" */;
			compatibilityVersion = "Xcode 3.2";
			developmentRegion = English;
			hasScannedForEncodings = 0;
			knownRegions = (
				en,
				Base,
			);
			mainGroup = D7C157911B3E9CD400C13909;
			productRefGroup = D7C1579B1B3E9CD400C13909 /* Products */;
			projectDirPath = "";
			projectRoot = "";
			targets = (
				D7C157991B3E9CD400C13909 /* RunTowardTheLight */,
				D7C157B21B3E9CD400C13909 /* RunTowardTheLightTests */,
			);
		};
/* End PBXProject section */

/* Begin PBXResourcesBuildPhase section */
		D7C157981B3E9CD400C13909 /* Resources */ = {
			isa = PBXResourcesBuildPhase;
			buildActionMask = 2147483647;
			files = (
				A02F0CBF1C284D0F00997B86 /* mob.png in Resources */,
				D7747D0F1B6E2EF600793445 /* main.png in Resources */,
				A02F0CB51C284D0F00997B86 /* black.png in Resources */,
				A02F0CBB1C284D0F00997B86 /* kanamono_wall_01.png in Resources */,
				A02F0CB71C284D0F00997B86 /* kanamono_gake_01.png in Resources */,
				D7C157AB1B3E9CD400C13909 /* Images.xcassets in Resources */,
				A02F0CBC1C284D0F00997B86 /* kanamono_wall_02.png in Resources */,
				A05BEFAA1BB538CF00A17C13 /* plr_down.png in Resources */,
				A05BEFAC1BB538CF00A17C13 /* plr_right.png in Resources */,
				A02F0CA81C284CB500997B86 /* sample_map.json in Resources */,
				A02F0CB61C284D0F00997B86 /* collisions.png in Resources */,
				D7C157A21B3E9CD400C13909 /* GameScene.sks in Resources */,
				A02F0CBE1C284D0F00997B86 /* kanamono_wall.png in Resources */,
				A0E1CE441BCBA03A004149E4 /* player.png in Resources */,
				A02F0CB81C284D0F00997B86 /* kanamono_gake_02.png in Resources */,
				D7BFE5451B521A8600AB0D3A /* tasuwo.png in Resources */,
				A02F0CBD1C284D0F00997B86 /* kanamono_wall_03.png in Resources */,
				A05BEFAD1BB538CF00A17C13 /* plr_left.png in Resources */,
				A06D85A91C7EA58A003F19BB /* TitleScene.xib in Resources */,
				A02F0CA91C284CB500997B86 /* sample_map02.json in Resources */,
				D7747D131B6E37BF00793445 /* start.png in Resources */,
				A02F0CBA1C284D0F00997B86 /* kanamono_tile.png in Resources */,
				A05BEFAB1BB538CF00A17C13 /* plr_up.png in Resources */,
				A02F0CB91C284D0F00997B86 /* kanamono_gake_03.png in Resources */,
				D7747D111B6E2EFE00793445 /* title.png in Resources */,
			);
			runOnlyForDeploymentPostprocessing = 0;
		};
		D7C157B11B3E9CD400C13909 /* Resources */ = {
			isa = PBXResourcesBuildPhase;
			buildActionMask = 2147483647;
			files = (
			);
			runOnlyForDeploymentPostprocessing = 0;
		};
/* End PBXResourcesBuildPhase section */

/* Begin PBXShellScriptBuildPhase section */
		0BA6AC229842A999676F9855 /* Embed Pods Frameworks */ = {
			isa = PBXShellScriptBuildPhase;
			buildActionMask = 2147483647;
			files = (
			);
			inputPaths = (
			);
			name = "Embed Pods Frameworks";
			outputPaths = (
			);
			runOnlyForDeploymentPostprocessing = 0;
			shellPath = /bin/sh;
			shellScript = "\"${SRCROOT}/Pods/Target Support Files/Pods/Pods-frameworks.sh\"\n";
			showEnvVarsInLog = 0;
		};
		6BF314DC602108B0AEAF31AF /* Copy Pods Resources */ = {
			isa = PBXShellScriptBuildPhase;
			buildActionMask = 2147483647;
			files = (
			);
			inputPaths = (
			);
			name = "Copy Pods Resources";
			outputPaths = (
			);
			runOnlyForDeploymentPostprocessing = 0;
			shellPath = /bin/sh;
			shellScript = "\"${SRCROOT}/Pods/Target Support Files/Pods/Pods-resources.sh\"\n";
			showEnvVarsInLog = 0;
		};
		8D08BBC7CEDB9A35CB88CE23 /* Check Pods Manifest.lock */ = {
			isa = PBXShellScriptBuildPhase;
			buildActionMask = 2147483647;
			files = (
			);
			inputPaths = (
			);
			name = "Check Pods Manifest.lock";
			outputPaths = (
			);
			runOnlyForDeploymentPostprocessing = 0;
			shellPath = /bin/sh;
			shellScript = "diff \"${PODS_ROOT}/../Podfile.lock\" \"${PODS_ROOT}/Manifest.lock\" > /dev/null\nif [[ $? != 0 ]] ; then\n    cat << EOM\nerror: The sandbox is not in sync with the Podfile.lock. Run 'pod install' or update your CocoaPods installation.\nEOM\n    exit 1\nfi\n";
			showEnvVarsInLog = 0;
		};
/* End PBXShellScriptBuildPhase section */

/* Begin PBXSourcesBuildPhase section */
		D7C157961B3E9CD400C13909 /* Sources */ = {
			isa = PBXSourcesBuildPhase;
			buildActionMask = 2147483647;
			files = (
				D7747D251B6E58F300793445 /* common.swift in Sources */,
				D7A7CE161B761B1500E0557C /* Node.swift in Sources */,
				D7C157A41B3E9CD400C13909 /* GameScene.swift in Sources */,
				D7C157A61B3E9CD400C13909 /* GameViewController.swift in Sources */,
				A02DDEE91C7BD050007C5BC2 /* objectNameTable.swift in Sources */,
				D7D97FFF1B6F05B1000704B0 /* Tile.swift in Sources */,
				D7D8A5AB1B70652600147A45 /* Object.swift in Sources */,
				A0112D901C7DB10700E225CC /* zPositionTable.swift in Sources */,
				D7C157A01B3E9CD400C13909 /* AppDelegate.swift in Sources */,
				D7BFE5481B521BBF00AB0D3A /* TitleScene.swift in Sources */,
				2C2E64C31B78DA2000B25B6E /* AStar.swift in Sources */,
				A08258DE1BB91C600083FDFD /* GameSceneEvent.swift in Sources */,
				A02DDEE61C7AF0C9007C5BC2 /* Map.swift in Sources */,
				A06593D21C721A1000148D2B /* MapObject.swift in Sources */,
				2C2E64C51B78DC7600B25B6E /* TileCoordinate.swift in Sources */,
				A02DDEE21C7ACEAE007C5BC2 /* TileSet.swift in Sources */,
				A0B3C84A1B991DA500DEDDE0 /* EventListener.swift in Sources */,
				2C2E64CB1B78F15300B25B6E /* Dialog.swift in Sources */,
				D72319F21B5699F200D13BAA /* TitleViewController.swift in Sources */,
				A0B4207A1BCBDAC700FBACF7 /* TiledMapJsonParser.swift in Sources */,
				2C363A541B7B20260042FA2D /* EventDispatcher.swift in Sources */,
				D7D980011B6F05C3000704B0 /* TileSheet.swift in Sources */,
			);
			runOnlyForDeploymentPostprocessing = 0;
		};
		D7C157AF1B3E9CD400C13909 /* Sources */ = {
			isa = PBXSourcesBuildPhase;
			buildActionMask = 2147483647;
			files = (
				D7C157BA1B3E9CD400C13909 /* RunTowardTheLightTests.swift in Sources */,
			);
			runOnlyForDeploymentPostprocessing = 0;
		};
/* End PBXSourcesBuildPhase section */

/* Begin PBXTargetDependency section */
		D7C157B51B3E9CD400C13909 /* PBXTargetDependency */ = {
			isa = PBXTargetDependency;
			target = D7C157991B3E9CD400C13909 /* RunTowardTheLight */;
			targetProxy = D7C157B41B3E9CD400C13909 /* PBXContainerItemProxy */;
		};
/* End PBXTargetDependency section */

/* Begin XCBuildConfiguration section */
		D7C157BB1B3E9CD400C13909 /* Debug */ = {
			isa = XCBuildConfiguration;
			buildSettings = {
				ALWAYS_SEARCH_USER_PATHS = NO;
				CLANG_CXX_LANGUAGE_STANDARD = "gnu++0x";
				CLANG_CXX_LIBRARY = "libc++";
				CLANG_ENABLE_MODULES = YES;
				CLANG_ENABLE_OBJC_ARC = YES;
				CLANG_WARN_BOOL_CONVERSION = YES;
				CLANG_WARN_CONSTANT_CONVERSION = YES;
				CLANG_WARN_DIRECT_OBJC_ISA_USAGE = YES_ERROR;
				CLANG_WARN_EMPTY_BODY = YES;
				CLANG_WARN_ENUM_CONVERSION = YES;
				CLANG_WARN_INT_CONVERSION = YES;
				CLANG_WARN_OBJC_ROOT_CLASS = YES_ERROR;
				CLANG_WARN_UNREACHABLE_CODE = YES;
				CLANG_WARN__DUPLICATE_METHOD_MATCH = YES;
				"CODE_SIGN_IDENTITY[sdk=iphoneos*]" = "iPhone Developer";
				COPY_PHASE_STRIP = NO;
				DEBUG_INFORMATION_FORMAT = "dwarf-with-dsym";
				ENABLE_STRICT_OBJC_MSGSEND = YES;
				GCC_C_LANGUAGE_STANDARD = gnu99;
				GCC_DYNAMIC_NO_PIC = NO;
				GCC_NO_COMMON_BLOCKS = YES;
				GCC_OPTIMIZATION_LEVEL = 0;
				GCC_PREPROCESSOR_DEFINITIONS = (
					"DEBUG=1",
					"$(inherited)",
				);
				GCC_SYMBOLS_PRIVATE_EXTERN = NO;
				GCC_WARN_64_TO_32_BIT_CONVERSION = YES;
				GCC_WARN_ABOUT_RETURN_TYPE = YES_ERROR;
				GCC_WARN_UNDECLARED_SELECTOR = YES;
				GCC_WARN_UNINITIALIZED_AUTOS = YES_AGGRESSIVE;
				GCC_WARN_UNUSED_FUNCTION = YES;
				GCC_WARN_UNUSED_VARIABLE = YES;
				IPHONEOS_DEPLOYMENT_TARGET = 8.4;
				MTL_ENABLE_DEBUG_INFO = YES;
				ONLY_ACTIVE_ARCH = YES;
				SDKROOT = iphoneos;
				SWIFT_OPTIMIZATION_LEVEL = "-Onone";
				TARGETED_DEVICE_FAMILY = "1,2";
			};
			name = Debug;
		};
		D7C157BC1B3E9CD400C13909 /* Release */ = {
			isa = XCBuildConfiguration;
			buildSettings = {
				ALWAYS_SEARCH_USER_PATHS = NO;
				CLANG_CXX_LANGUAGE_STANDARD = "gnu++0x";
				CLANG_CXX_LIBRARY = "libc++";
				CLANG_ENABLE_MODULES = YES;
				CLANG_ENABLE_OBJC_ARC = YES;
				CLANG_WARN_BOOL_CONVERSION = YES;
				CLANG_WARN_CONSTANT_CONVERSION = YES;
				CLANG_WARN_DIRECT_OBJC_ISA_USAGE = YES_ERROR;
				CLANG_WARN_EMPTY_BODY = YES;
				CLANG_WARN_ENUM_CONVERSION = YES;
				CLANG_WARN_INT_CONVERSION = YES;
				CLANG_WARN_OBJC_ROOT_CLASS = YES_ERROR;
				CLANG_WARN_UNREACHABLE_CODE = YES;
				CLANG_WARN__DUPLICATE_METHOD_MATCH = YES;
				"CODE_SIGN_IDENTITY[sdk=iphoneos*]" = "iPhone Developer";
				COPY_PHASE_STRIP = NO;
				DEBUG_INFORMATION_FORMAT = "dwarf-with-dsym";
				ENABLE_NS_ASSERTIONS = NO;
				ENABLE_STRICT_OBJC_MSGSEND = YES;
				GCC_C_LANGUAGE_STANDARD = gnu99;
				GCC_NO_COMMON_BLOCKS = YES;
				GCC_WARN_64_TO_32_BIT_CONVERSION = YES;
				GCC_WARN_ABOUT_RETURN_TYPE = YES_ERROR;
				GCC_WARN_UNDECLARED_SELECTOR = YES;
				GCC_WARN_UNINITIALIZED_AUTOS = YES_AGGRESSIVE;
				GCC_WARN_UNUSED_FUNCTION = YES;
				GCC_WARN_UNUSED_VARIABLE = YES;
				IPHONEOS_DEPLOYMENT_TARGET = 8.4;
				MTL_ENABLE_DEBUG_INFO = NO;
				SDKROOT = iphoneos;
				TARGETED_DEVICE_FAMILY = "1,2";
				VALIDATE_PRODUCT = YES;
			};
			name = Release;
		};
		D7C157BE1B3E9CD400C13909 /* Debug */ = {
			isa = XCBuildConfiguration;
			baseConfigurationReference = FA71FE00A6658134F7DA1D52 /* Pods.debug.xcconfig */;
			buildSettings = {
				ASSETCATALOG_COMPILER_APPICON_NAME = AppIcon;
				CODE_SIGN_IDENTITY = "iPhone Developer";
				"CODE_SIGN_IDENTITY[sdk=iphoneos*]" = "iPhone Developer";
				INFOPLIST_FILE = "RunTowardTheLight/Supporting Files/Info.plist";
				LD_RUNPATH_SEARCH_PATHS = "$(inherited) @executable_path/Frameworks";
				PRODUCT_NAME = "$(TARGET_NAME)";
				PROVISIONING_PROFILE = "";
				TARGETED_DEVICE_FAMILY = 1;
			};
			name = Debug;
		};
		D7C157BF1B3E9CD400C13909 /* Release */ = {
			isa = XCBuildConfiguration;
			baseConfigurationReference = 060E2FC1342A2CCADE082D89 /* Pods.release.xcconfig */;
			buildSettings = {
				ASSETCATALOG_COMPILER_APPICON_NAME = AppIcon;
				CODE_SIGN_IDENTITY = "iPhone Developer";
				"CODE_SIGN_IDENTITY[sdk=iphoneos*]" = "iPhone Developer";
				INFOPLIST_FILE = "RunTowardTheLight/Supporting Files/Info.plist";
				LD_RUNPATH_SEARCH_PATHS = "$(inherited) @executable_path/Frameworks";
				PRODUCT_NAME = "$(TARGET_NAME)";
				PROVISIONING_PROFILE = "";
				TARGETED_DEVICE_FAMILY = 1;
			};
			name = Release;
		};
		D7C157C11B3E9CD400C13909 /* Debug */ = {
			isa = XCBuildConfiguration;
			baseConfigurationReference = FA71FE00A6658134F7DA1D52 /* Pods.debug.xcconfig */;
			buildSettings = {
				BUNDLE_LOADER = "$(TEST_HOST)";
				FRAMEWORK_SEARCH_PATHS = (
					"$(SDKROOT)/Developer/Library/Frameworks",
					"$(inherited)",
				);
				GCC_PREPROCESSOR_DEFINITIONS = (
					"DEBUG=1",
					"$(inherited)",
				);
				INFOPLIST_FILE = "RunTowardTheLightTests/Supporting Files/Info.plist";
				LD_RUNPATH_SEARCH_PATHS = "$(inherited) @executable_path/Frameworks @loader_path/Frameworks";
				PRODUCT_NAME = "$(TARGET_NAME)";
				TEST_HOST = "$(BUILT_PRODUCTS_DIR)/RunTowardTheLight.app/RunTowardTheLight";
			};
			name = Debug;
		};
		D7C157C21B3E9CD400C13909 /* Release */ = {
			isa = XCBuildConfiguration;
			baseConfigurationReference = 060E2FC1342A2CCADE082D89 /* Pods.release.xcconfig */;
			buildSettings = {
				BUNDLE_LOADER = "$(TEST_HOST)";
				FRAMEWORK_SEARCH_PATHS = (
					"$(SDKROOT)/Developer/Library/Frameworks",
					"$(inherited)",
				);
				INFOPLIST_FILE = "RunTowardTheLightTests/Supporting Files/Info.plist";
				LD_RUNPATH_SEARCH_PATHS = "$(inherited) @executable_path/Frameworks @loader_path/Frameworks";
				PRODUCT_NAME = "$(TARGET_NAME)";
				TEST_HOST = "$(BUILT_PRODUCTS_DIR)/RunTowardTheLight.app/RunTowardTheLight";
			};
			name = Release;
		};
/* End XCBuildConfiguration section */

/* Begin XCConfigurationList section */
		D7C157951B3E9CD400C13909 /* Build configuration list for PBXProject "RunTowardTheLight" */ = {
			isa = XCConfigurationList;
			buildConfigurations = (
				D7C157BB1B3E9CD400C13909 /* Debug */,
				D7C157BC1B3E9CD400C13909 /* Release */,
			);
			defaultConfigurationIsVisible = 0;
			defaultConfigurationName = Release;
		};
		D7C157BD1B3E9CD400C13909 /* Build configuration list for PBXNativeTarget "RunTowardTheLight" */ = {
			isa = XCConfigurationList;
			buildConfigurations = (
				D7C157BE1B3E9CD400C13909 /* Debug */,
				D7C157BF1B3E9CD400C13909 /* Release */,
			);
			defaultConfigurationIsVisible = 0;
			defaultConfigurationName = Release;
		};
		D7C157C01B3E9CD400C13909 /* Build configuration list for PBXNativeTarget "RunTowardTheLightTests" */ = {
			isa = XCConfigurationList;
			buildConfigurations = (
				D7C157C11B3E9CD400C13909 /* Debug */,
				D7C157C21B3E9CD400C13909 /* Release */,
			);
			defaultConfigurationIsVisible = 0;
			defaultConfigurationName = Release;
		};
/* End XCConfigurationList section */
	};
	rootObject = D7C157921B3E9CD400C13909 /* Project object */;
}
