// !$*UTF8*$!
{
	archiveVersion = 1;
	classes = {
	};
	objectVersion = 46;
	objects = {

/* Begin PBXBuildFile section */
		094461156FB6E15DBCAA8578 /* Pods_RunTowardTheLightTests.framework in Frameworks */ = {isa = PBXBuildFile; fileRef = 99F2AB7D20E4C6EA09FA69C3 /* Pods_RunTowardTheLightTests.framework */; };
		2C0564981D4B062300A2F527 /* myButton.swift in Sources */ = {isa = PBXBuildFile; fileRef = 2C0564971D4B062300A2F527 /* myButton.swift */; };
		2C2143341D53308D006D3C50 /* ItemTable.swift in Sources */ = {isa = PBXBuildFile; fileRef = 2C2143331D53308D006D3C50 /* ItemTable.swift */; };
		2C2143371D5345A5006D3C50 /* DataModels.swift in Sources */ = {isa = PBXBuildFile; fileRef = 2C2143361D5345A5006D3C50 /* DataModels.swift */; };
		2C2D31901D5242E5000D8A2B /* TalkEventListener.swift in Sources */ = {isa = PBXBuildFile; fileRef = 2C2D318F1D5242E5000D8A2B /* TalkEventListener.swift */; };
		2C2D31931D525F35000D8A2B /* EventListenerGenerator.swift in Sources */ = {isa = PBXBuildFile; fileRef = 2C2D31921D525F35000D8A2B /* EventListenerGenerator.swift */; };
		2C2D31951D52F39F000D8A2B /* String+subscript.swift in Sources */ = {isa = PBXBuildFile; fileRef = 2C2D31941D52F39F000D8A2B /* String+subscript.swift */; };
		2C2D31971D530F35000D8A2B /* DIRECTION.swift in Sources */ = {isa = PBXBuildFile; fileRef = 2C2D31961D530F35000D8A2B /* DIRECTION.swift */; };
		2C2D31991D530F67000D8A2B /* IMAGE_SET.swift in Sources */ = {isa = PBXBuildFile; fileRef = 2C2D31981D530F67000D8A2B /* IMAGE_SET.swift */; };
		2C2D319B1D531983000D8A2B /* player.xcassets in Resources */ = {isa = PBXBuildFile; fileRef = 2C2D319A1D531983000D8A2B /* player.xcassets */; };
		2C2D319D1D531AA6000D8A2B /* mob.xcassets in Resources */ = {isa = PBXBuildFile; fileRef = 2C2D319C1D531AA6000D8A2B /* mob.xcassets */; };
		2C2D31A31D531CD2000D8A2B /* kanamonoMap.xcassets in Resources */ = {isa = PBXBuildFile; fileRef = 2C2D31A21D531CD2000D8A2B /* kanamonoMap.xcassets */; };
		2C2D31A51D531F04000D8A2B /* ItemGetEvent.swift in Sources */ = {isa = PBXBuildFile; fileRef = 2C2D31A41D531F04000D8A2B /* ItemGetEvent.swift */; };
		2C2E64C31B78DA2000B25B6E /* AStar.swift in Sources */ = {isa = PBXBuildFile; fileRef = 2C2E64C21B78DA2000B25B6E /* AStar.swift */; };
		2C2E64C51B78DC7600B25B6E /* TileCoordinate.swift in Sources */ = {isa = PBXBuildFile; fileRef = 2C2E64C41B78DC7600B25B6E /* TileCoordinate.swift */; };
		2C2E64CB1B78F15300B25B6E /* Dialog.swift in Sources */ = {isa = PBXBuildFile; fileRef = 2C2E64CA1B78F15300B25B6E /* Dialog.swift */; };
		2C363A541B7B20260042FA2D /* EventDispatcher.swift in Sources */ = {isa = PBXBuildFile; fileRef = 2C363A531B7B20260042FA2D /* EventDispatcher.swift */; };
		2C556E7C1D4BA60400E03414 /* WalkEventListener.swift in Sources */ = {isa = PBXBuildFile; fileRef = 2C556E7B1D4BA60400E03414 /* WalkEventListener.swift */; };
		2C556E811D50C11B00E03414 /* EventManager.swift in Sources */ = {isa = PBXBuildFile; fileRef = 2C556E801D50C11B00E03414 /* EventManager.swift */; };
		2CAEA0BD1D4AE1C90084D8B0 /* MenuSceneModel.swift in Sources */ = {isa = PBXBuildFile; fileRef = 2CAEA0BC1D4AE1C90084D8B0 /* MenuSceneModel.swift */; };
		2CB5CB5E1D55F8410017C17F /* ActivateButtonListener.swift in Sources */ = {isa = PBXBuildFile; fileRef = 2CB5CB5D1D55F8410017C17F /* ActivateButtonListener.swift */; };
		A0112D901C7DB10700E225CC /* zPositionTable.swift in Sources */ = {isa = PBXBuildFile; fileRef = A0112D8F1C7DB10700E225CC /* zPositionTable.swift */; };
		A02DDEE21C7ACEAE007C5BC2 /* TileSet.swift in Sources */ = {isa = PBXBuildFile; fileRef = A02DDEE11C7ACEAD007C5BC2 /* TileSet.swift */; };
		A02DDEE61C7AF0C9007C5BC2 /* Map.swift in Sources */ = {isa = PBXBuildFile; fileRef = A02DDEE51C7AF0C9007C5BC2 /* Map.swift */; };
		A02DDEE91C7BD050007C5BC2 /* objectNameTable.swift in Sources */ = {isa = PBXBuildFile; fileRef = A02DDEE81C7BD050007C5BC2 /* objectNameTable.swift */; };
		A02F0CA91C284CB500997B86 /* sample_map02.json in Resources */ = {isa = PBXBuildFile; fileRef = A02F0CA71C284CB500997B86 /* sample_map02.json */; };
		A02F0CB51C284D0F00997B86 /* black.png in Resources */ = {isa = PBXBuildFile; fileRef = A02F0CAA1C284D0F00997B86 /* black.png */; };
		A06593D21C721A1000148D2B /* MapObject.swift in Sources */ = {isa = PBXBuildFile; fileRef = A06593D11C721A1000148D2B /* MapObject.swift */; };
		A06D85A91C7EA58A003F19BB /* TitleScene.xib in Resources */ = {isa = PBXBuildFile; fileRef = A06D85A81C7EA58A003F19BB /* TitleScene.xib */; };
		A07DEBA21C9B7B6100B787BA /* MenuScene.xib in Resources */ = {isa = PBXBuildFile; fileRef = A07DEBA11C9B7B6100B787BA /* MenuScene.xib */; };
		A07DEBA41C9B7DF200B787BA /* MenuScene.swift in Sources */ = {isa = PBXBuildFile; fileRef = A07DEBA31C9B7DF200B787BA /* MenuScene.swift */; };
		A07DEBA61C9B7F7700B787BA /* MenuViewController.swift in Sources */ = {isa = PBXBuildFile; fileRef = A07DEBA51C9B7F7700B787BA /* MenuViewController.swift */; };
		A07DEBAE1C9B9E9700B787BA /* ItemCell.xib in Resources */ = {isa = PBXBuildFile; fileRef = A07DEBAD1C9B9E9700B787BA /* ItemCell.xib */; };
		A07DEBB01C9B9EBF00B787BA /* ItemCell.swift in Sources */ = {isa = PBXBuildFile; fileRef = A07DEBAF1C9B9EBF00B787BA /* ItemCell.swift */; };
		A07DEBB31C9BAA3600B787BA /* DialogLabel.swift in Sources */ = {isa = PBXBuildFile; fileRef = A07DEBB21C9BAA3600B787BA /* DialogLabel.swift */; };
		A0B3C84A1B991DA500DEDDE0 /* EventListener.swift in Sources */ = {isa = PBXBuildFile; fileRef = A0B3C8491B991DA500DEDDE0 /* EventListener.swift */; };
		A0B4207A1BCBDAC700FBACF7 /* TiledMapJsonParser.swift in Sources */ = {isa = PBXBuildFile; fileRef = A0B420791BCBDAC700FBACF7 /* TiledMapJsonParser.swift */; };
		A0D8398F1C8010E1005CC12D /* talkerImage.swift in Sources */ = {isa = PBXBuildFile; fileRef = A0D8398E1C8010E1005CC12D /* talkerImage.swift */; };
		A0D839921C80176D005CC12D /* talk_01.txt in Resources */ = {isa = PBXBuildFile; fileRef = A0D839911C80176D005CC12D /* talk_01.txt */; };
		A0D839941C8017AD005CC12D /* TalkBodyParser.swift in Sources */ = {isa = PBXBuildFile; fileRef = A0D839931C8017AD005CC12D /* TalkBodyParser.swift */; };
		A0D85B7B1C9AF2CE009B34AC /* GameScene.xib in Resources */ = {isa = PBXBuildFile; fileRef = A0D85B7A1C9AF2CE009B34AC /* GameScene.xib */; };
		D72319F21B5699F200D13BAA /* TitleViewController.swift in Sources */ = {isa = PBXBuildFile; fileRef = D72319F11B5699F200D13BAA /* TitleViewController.swift */; };
		D7747D251B6E58F300793445 /* UIButtonAnimated.swift in Sources */ = {isa = PBXBuildFile; fileRef = D7747D241B6E58F300793445 /* UIButtonAnimated.swift */; };
		D7A7CE161B761B1500E0557C /* Node.swift in Sources */ = {isa = PBXBuildFile; fileRef = D7A7CE151B761B1500E0557C /* Node.swift */; };
		D7BFE5481B521BBF00AB0D3A /* TitleScene.swift in Sources */ = {isa = PBXBuildFile; fileRef = D7BFE5471B521BBF00AB0D3A /* TitleScene.swift */; };
		D7C157A01B3E9CD400C13909 /* AppDelegate.swift in Sources */ = {isa = PBXBuildFile; fileRef = D7C1579F1B3E9CD400C13909 /* AppDelegate.swift */; };
		D7C157A21B3E9CD400C13909 /* GameScene.sks in Resources */ = {isa = PBXBuildFile; fileRef = D7C157A11B3E9CD400C13909 /* GameScene.sks */; };
		D7C157A41B3E9CD400C13909 /* GameScene.swift in Sources */ = {isa = PBXBuildFile; fileRef = D7C157A31B3E9CD400C13909 /* GameScene.swift */; };
		D7C157A61B3E9CD400C13909 /* GameViewController.swift in Sources */ = {isa = PBXBuildFile; fileRef = D7C157A51B3E9CD400C13909 /* GameViewController.swift */; };
		D7C157AB1B3E9CD400C13909 /* Images.xcassets in Resources */ = {isa = PBXBuildFile; fileRef = D7C157AA1B3E9CD400C13909 /* Images.xcassets */; };
		D7C157BA1B3E9CD400C13909 /* RunTowardTheLightTests.swift in Sources */ = {isa = PBXBuildFile; fileRef = D7C157B91B3E9CD400C13909 /* RunTowardTheLightTests.swift */; };
		D7D8A5AB1B70652600147A45 /* Object.swift in Sources */ = {isa = PBXBuildFile; fileRef = D7D8A5AA1B70652600147A45 /* Object.swift */; };
		D7D97FFF1B6F05B1000704B0 /* Tile.swift in Sources */ = {isa = PBXBuildFile; fileRef = D7D97FFE1B6F05B1000704B0 /* Tile.swift */; };
		D7D980011B6F05C3000704B0 /* TileSheet.swift in Sources */ = {isa = PBXBuildFile; fileRef = D7D980001B6F05C3000704B0 /* TileSheet.swift */; };
		E609D7E2A11EED43CD386F66 /* Pods_RunTowardTheLight.framework in Frameworks */ = {isa = PBXBuildFile; fileRef = E6374CF11E5C9D33D3C537CB /* Pods_RunTowardTheLight.framework */; };
/* End PBXBuildFile section */

/* Begin PBXContainerItemProxy section */
		D7C157B41B3E9CD400C13909 /* PBXContainerItemProxy */ = {
			isa = PBXContainerItemProxy;
			containerPortal = D7C157921B3E9CD400C13909 /* Project object */;
			proxyType = 1;
			remoteGlobalIDString = D7C157991B3E9CD400C13909;
			remoteInfo = RunTowardTheLight;
		};
/* End PBXContainerItemProxy section */

/* Begin PBXFileReference section */
		2C0564971D4B062300A2F527 /* myButton.swift */ = {isa = PBXFileReference; fileEncoding = 4; lastKnownFileType = sourcecode.swift; path = myButton.swift; sourceTree = "<group>"; };
		2C2143331D53308D006D3C50 /* ItemTable.swift */ = {isa = PBXFileReference; fileEncoding = 4; lastKnownFileType = sourcecode.swift; path = ItemTable.swift; sourceTree = "<group>"; };
		2C2143361D5345A5006D3C50 /* DataModels.swift */ = {isa = PBXFileReference; fileEncoding = 4; lastKnownFileType = sourcecode.swift; path = DataModels.swift; sourceTree = "<group>"; };
		2C2D318F1D5242E5000D8A2B /* TalkEventListener.swift */ = {isa = PBXFileReference; fileEncoding = 4; lastKnownFileType = sourcecode.swift; path = TalkEventListener.swift; sourceTree = "<group>"; };
		2C2D31921D525F35000D8A2B /* EventListenerGenerator.swift */ = {isa = PBXFileReference; fileEncoding = 4; lastKnownFileType = sourcecode.swift; path = EventListenerGenerator.swift; sourceTree = "<group>"; };
		2C2D31941D52F39F000D8A2B /* String+subscript.swift */ = {isa = PBXFileReference; fileEncoding = 4; lastKnownFileType = sourcecode.swift; path = "String+subscript.swift"; sourceTree = "<group>"; };
		2C2D31961D530F35000D8A2B /* DIRECTION.swift */ = {isa = PBXFileReference; fileEncoding = 4; lastKnownFileType = sourcecode.swift; path = DIRECTION.swift; sourceTree = "<group>"; };
		2C2D31981D530F67000D8A2B /* IMAGE_SET.swift */ = {isa = PBXFileReference; fileEncoding = 4; lastKnownFileType = sourcecode.swift; path = IMAGE_SET.swift; sourceTree = "<group>"; };
		2C2D319A1D531983000D8A2B /* player.xcassets */ = {isa = PBXFileReference; lastKnownFileType = folder.assetcatalog; path = player.xcassets; sourceTree = "<group>"; };
		2C2D319C1D531AA6000D8A2B /* mob.xcassets */ = {isa = PBXFileReference; lastKnownFileType = folder.assetcatalog; path = mob.xcassets; sourceTree = "<group>"; };
		2C2D31A21D531CD2000D8A2B /* kanamonoMap.xcassets */ = {isa = PBXFileReference; lastKnownFileType = folder.assetcatalog; path = kanamonoMap.xcassets; sourceTree = "<group>"; };
		2C2D31A41D531F04000D8A2B /* ItemGetEvent.swift */ = {isa = PBXFileReference; fileEncoding = 4; lastKnownFileType = sourcecode.swift; path = ItemGetEvent.swift; sourceTree = "<group>"; };
		2C2E64C21B78DA2000B25B6E /* AStar.swift */ = {isa = PBXFileReference; fileEncoding = 4; lastKnownFileType = sourcecode.swift; path = AStar.swift; sourceTree = "<group>"; };
		2C2E64C41B78DC7600B25B6E /* TileCoordinate.swift */ = {isa = PBXFileReference; fileEncoding = 4; lastKnownFileType = sourcecode.swift; path = TileCoordinate.swift; sourceTree = "<group>"; };
		2C2E64CA1B78F15300B25B6E /* Dialog.swift */ = {isa = PBXFileReference; fileEncoding = 4; lastKnownFileType = sourcecode.swift; path = Dialog.swift; sourceTree = "<group>"; };
		2C363A531B7B20260042FA2D /* EventDispatcher.swift */ = {isa = PBXFileReference; fileEncoding = 4; lastKnownFileType = sourcecode.swift; path = EventDispatcher.swift; sourceTree = "<group>"; };
		2C556E7B1D4BA60400E03414 /* WalkEventListener.swift */ = {isa = PBXFileReference; fileEncoding = 4; lastKnownFileType = sourcecode.swift; path = WalkEventListener.swift; sourceTree = "<group>"; };
		2C556E801D50C11B00E03414 /* EventManager.swift */ = {isa = PBXFileReference; fileEncoding = 4; lastKnownFileType = sourcecode.swift; path = EventManager.swift; sourceTree = "<group>"; };
		2CAEA0BC1D4AE1C90084D8B0 /* MenuSceneModel.swift */ = {isa = PBXFileReference; fileEncoding = 4; lastKnownFileType = sourcecode.swift; path = MenuSceneModel.swift; sourceTree = "<group>"; };
		2CB5CB5D1D55F8410017C17F /* ActivateButtonListener.swift */ = {isa = PBXFileReference; fileEncoding = 4; lastKnownFileType = sourcecode.swift; path = ActivateButtonListener.swift; sourceTree = "<group>"; };
		5B9881F547528DC93B922240 /* Pods-RunTowardTheLight.debug.xcconfig */ = {isa = PBXFileReference; includeInIndex = 1; lastKnownFileType = text.xcconfig; name = "Pods-RunTowardTheLight.debug.xcconfig"; path = "Pods/Target Support Files/Pods-RunTowardTheLight/Pods-RunTowardTheLight.debug.xcconfig"; sourceTree = "<group>"; };
		99F2AB7D20E4C6EA09FA69C3 /* Pods_RunTowardTheLightTests.framework */ = {isa = PBXFileReference; explicitFileType = wrapper.framework; includeInIndex = 0; path = Pods_RunTowardTheLightTests.framework; sourceTree = BUILT_PRODUCTS_DIR; };
		9D01E4F79EC0364D73943671 /* Pods-RunTowardTheLight.release.xcconfig */ = {isa = PBXFileReference; includeInIndex = 1; lastKnownFileType = text.xcconfig; name = "Pods-RunTowardTheLight.release.xcconfig"; path = "Pods/Target Support Files/Pods-RunTowardTheLight/Pods-RunTowardTheLight.release.xcconfig"; sourceTree = "<group>"; };
		A0112D8F1C7DB10700E225CC /* zPositionTable.swift */ = {isa = PBXFileReference; fileEncoding = 4; lastKnownFileType = sourcecode.swift; path = zPositionTable.swift; sourceTree = "<group>"; };
		A02DDEE11C7ACEAD007C5BC2 /* TileSet.swift */ = {isa = PBXFileReference; fileEncoding = 4; lastKnownFileType = sourcecode.swift; path = TileSet.swift; sourceTree = "<group>"; };
		A02DDEE51C7AF0C9007C5BC2 /* Map.swift */ = {isa = PBXFileReference; fileEncoding = 4; lastKnownFileType = sourcecode.swift; path = Map.swift; sourceTree = "<group>"; };
		A02DDEE81C7BD050007C5BC2 /* objectNameTable.swift */ = {isa = PBXFileReference; fileEncoding = 4; lastKnownFileType = sourcecode.swift; path = objectNameTable.swift; sourceTree = "<group>"; };
		A02F0CA71C284CB500997B86 /* sample_map02.json */ = {isa = PBXFileReference; fileEncoding = 4; lastKnownFileType = text.json; path = sample_map02.json; sourceTree = "<group>"; };
		A02F0CAA1C284D0F00997B86 /* black.png */ = {isa = PBXFileReference; lastKnownFileType = image.png; path = black.png; sourceTree = "<group>"; };
		A06593D11C721A1000148D2B /* MapObject.swift */ = {isa = PBXFileReference; fileEncoding = 4; lastKnownFileType = sourcecode.swift; path = MapObject.swift; sourceTree = "<group>"; };
		A06D85A81C7EA58A003F19BB /* TitleScene.xib */ = {isa = PBXFileReference; fileEncoding = 4; lastKnownFileType = file.xib; path = TitleScene.xib; sourceTree = "<group>"; };
		A07DEBA11C9B7B6100B787BA /* MenuScene.xib */ = {isa = PBXFileReference; fileEncoding = 4; lastKnownFileType = file.xib; path = MenuScene.xib; sourceTree = "<group>"; };
		A07DEBA31C9B7DF200B787BA /* MenuScene.swift */ = {isa = PBXFileReference; fileEncoding = 4; lastKnownFileType = sourcecode.swift; path = MenuScene.swift; sourceTree = "<group>"; };
		A07DEBA51C9B7F7700B787BA /* MenuViewController.swift */ = {isa = PBXFileReference; fileEncoding = 4; lastKnownFileType = sourcecode.swift; path = MenuViewController.swift; sourceTree = "<group>"; };
		A07DEBAD1C9B9E9700B787BA /* ItemCell.xib */ = {isa = PBXFileReference; fileEncoding = 4; lastKnownFileType = file.xib; path = ItemCell.xib; sourceTree = "<group>"; };
		A07DEBAF1C9B9EBF00B787BA /* ItemCell.swift */ = {isa = PBXFileReference; fileEncoding = 4; lastKnownFileType = sourcecode.swift; path = ItemCell.swift; sourceTree = "<group>"; };
		A07DEBB21C9BAA3600B787BA /* DialogLabel.swift */ = {isa = PBXFileReference; fileEncoding = 4; lastKnownFileType = sourcecode.swift; path = DialogLabel.swift; sourceTree = "<group>"; };
		A0B3C8491B991DA500DEDDE0 /* EventListener.swift */ = {isa = PBXFileReference; fileEncoding = 4; lastKnownFileType = sourcecode.swift; path = EventListener.swift; sourceTree = "<group>"; };
		A0B420791BCBDAC700FBACF7 /* TiledMapJsonParser.swift */ = {isa = PBXFileReference; fileEncoding = 4; lastKnownFileType = sourcecode.swift; path = TiledMapJsonParser.swift; sourceTree = "<group>"; };
		A0D8398E1C8010E1005CC12D /* talkerImage.swift */ = {isa = PBXFileReference; fileEncoding = 4; lastKnownFileType = sourcecode.swift; path = talkerImage.swift; sourceTree = "<group>"; };
		A0D839911C80176D005CC12D /* talk_01.txt */ = {isa = PBXFileReference; fileEncoding = 4; lastKnownFileType = text; path = talk_01.txt; sourceTree = "<group>"; };
		A0D839931C8017AD005CC12D /* TalkBodyParser.swift */ = {isa = PBXFileReference; fileEncoding = 4; lastKnownFileType = sourcecode.swift; path = TalkBodyParser.swift; sourceTree = "<group>"; };
		A0D85B7A1C9AF2CE009B34AC /* GameScene.xib */ = {isa = PBXFileReference; fileEncoding = 4; lastKnownFileType = file.xib; path = GameScene.xib; sourceTree = "<group>"; };
		B0D0AAA047C30B2BB97C0796 /* Pods-RunTowardTheLightTests.release.xcconfig */ = {isa = PBXFileReference; includeInIndex = 1; lastKnownFileType = text.xcconfig; name = "Pods-RunTowardTheLightTests.release.xcconfig"; path = "Pods/Target Support Files/Pods-RunTowardTheLightTests/Pods-RunTowardTheLightTests.release.xcconfig"; sourceTree = "<group>"; };
		C2C518581BF2EDF721F1D5E0 /* Pods.framework */ = {isa = PBXFileReference; explicitFileType = wrapper.framework; includeInIndex = 0; path = Pods.framework; sourceTree = BUILT_PRODUCTS_DIR; };
		D72319F11B5699F200D13BAA /* TitleViewController.swift */ = {isa = PBXFileReference; fileEncoding = 4; lastKnownFileType = sourcecode.swift; path = TitleViewController.swift; sourceTree = "<group>"; };
		D7747D241B6E58F300793445 /* UIButtonAnimated.swift */ = {isa = PBXFileReference; fileEncoding = 4; lastKnownFileType = sourcecode.swift; path = UIButtonAnimated.swift; sourceTree = "<group>"; };
		D7A7CE151B761B1500E0557C /* Node.swift */ = {isa = PBXFileReference; fileEncoding = 4; lastKnownFileType = sourcecode.swift; path = Node.swift; sourceTree = "<group>"; };
		D7BFE5471B521BBF00AB0D3A /* TitleScene.swift */ = {isa = PBXFileReference; fileEncoding = 4; lastKnownFileType = sourcecode.swift; path = TitleScene.swift; sourceTree = "<group>"; };
		D7C1579A1B3E9CD400C13909 /* RunTowardTheLight.app */ = {isa = PBXFileReference; explicitFileType = wrapper.application; includeInIndex = 0; path = RunTowardTheLight.app; sourceTree = BUILT_PRODUCTS_DIR; };
		D7C1579E1B3E9CD400C13909 /* Info.plist */ = {isa = PBXFileReference; lastKnownFileType = text.plist.xml; path = Info.plist; sourceTree = "<group>"; };
		D7C1579F1B3E9CD400C13909 /* AppDelegate.swift */ = {isa = PBXFileReference; lastKnownFileType = sourcecode.swift; path = AppDelegate.swift; sourceTree = "<group>"; };
		D7C157A11B3E9CD400C13909 /* GameScene.sks */ = {isa = PBXFileReference; lastKnownFileType = file.sks; path = GameScene.sks; sourceTree = "<group>"; };
		D7C157A31B3E9CD400C13909 /* GameScene.swift */ = {isa = PBXFileReference; lastKnownFileType = sourcecode.swift; path = GameScene.swift; sourceTree = "<group>"; };
		D7C157A51B3E9CD400C13909 /* GameViewController.swift */ = {isa = PBXFileReference; lastKnownFileType = sourcecode.swift; path = GameViewController.swift; sourceTree = "<group>"; };
		D7C157AA1B3E9CD400C13909 /* Images.xcassets */ = {isa = PBXFileReference; lastKnownFileType = folder.assetcatalog; path = Images.xcassets; sourceTree = "<group>"; };
		D7C157B31B3E9CD400C13909 /* RunTowardTheLightTests.xctest */ = {isa = PBXFileReference; explicitFileType = wrapper.cfbundle; includeInIndex = 0; path = RunTowardTheLightTests.xctest; sourceTree = BUILT_PRODUCTS_DIR; };
		D7C157B81B3E9CD400C13909 /* Info.plist */ = {isa = PBXFileReference; lastKnownFileType = text.plist.xml; path = Info.plist; sourceTree = "<group>"; };
		D7C157B91B3E9CD400C13909 /* RunTowardTheLightTests.swift */ = {isa = PBXFileReference; lastKnownFileType = sourcecode.swift; path = RunTowardTheLightTests.swift; sourceTree = "<group>"; };
		D7D8A5AA1B70652600147A45 /* Object.swift */ = {isa = PBXFileReference; fileEncoding = 4; lastKnownFileType = sourcecode.swift; path = Object.swift; sourceTree = "<group>"; };
		D7D97FFE1B6F05B1000704B0 /* Tile.swift */ = {isa = PBXFileReference; fileEncoding = 4; lastKnownFileType = sourcecode.swift; path = Tile.swift; sourceTree = "<group>"; };
		D7D980001B6F05C3000704B0 /* TileSheet.swift */ = {isa = PBXFileReference; fileEncoding = 4; lastKnownFileType = sourcecode.swift; path = TileSheet.swift; sourceTree = "<group>"; };
		E6374CF11E5C9D33D3C537CB /* Pods_RunTowardTheLight.framework */ = {isa = PBXFileReference; explicitFileType = wrapper.framework; includeInIndex = 0; path = Pods_RunTowardTheLight.framework; sourceTree = BUILT_PRODUCTS_DIR; };
		FBE1D21CE4A157F78DA05009 /* Pods-RunTowardTheLightTests.debug.xcconfig */ = {isa = PBXFileReference; includeInIndex = 1; lastKnownFileType = text.xcconfig; name = "Pods-RunTowardTheLightTests.debug.xcconfig"; path = "Pods/Target Support Files/Pods-RunTowardTheLightTests/Pods-RunTowardTheLightTests.debug.xcconfig"; sourceTree = "<group>"; };
/* End PBXFileReference section */

/* Begin PBXFrameworksBuildPhase section */
		D7C157971B3E9CD400C13909 /* Frameworks */ = {
			isa = PBXFrameworksBuildPhase;
			buildActionMask = 2147483647;
			files = (
				E609D7E2A11EED43CD386F66 /* Pods_RunTowardTheLight.framework in Frameworks */,
			);
			runOnlyForDeploymentPostprocessing = 0;
		};
		D7C157B01B3E9CD400C13909 /* Frameworks */ = {
			isa = PBXFrameworksBuildPhase;
			buildActionMask = 2147483647;
			files = (
				094461156FB6E15DBCAA8578 /* Pods_RunTowardTheLightTests.framework in Frameworks */,
			);
			runOnlyForDeploymentPostprocessing = 0;
		};
/* End PBXFrameworksBuildPhase section */

/* Begin PBXGroup section */
		2C0564961D4B034C00A2F527 /* components */ = {
			isa = PBXGroup;
			children = (
				A07DEBAF1C9B9EBF00B787BA /* ItemCell.swift */,
				A07DEBAD1C9B9E9700B787BA /* ItemCell.xib */,
			);
			path = components;
			sourceTree = "<group>";
		};
		2C2143351D534544006D3C50 /* DataModel */ = {
			isa = PBXGroup;
			children = (
				2C2143361D5345A5006D3C50 /* DataModels.swift */,
			);
			name = DataModel;
			sourceTree = "<group>";
		};
		2C2D31911D524717000D8A2B /* EventListener */ = {
			isa = PBXGroup;
			children = (
				2C2D318F1D5242E5000D8A2B /* TalkEventListener.swift */,
				2C556E7B1D4BA60400E03414 /* WalkEventListener.swift */,
				2C2D31A41D531F04000D8A2B /* ItemGetEvent.swift */,
				2CB5CB5D1D55F8410017C17F /* ActivateButtonListener.swift */,
			);
			path = EventListener;
			sourceTree = "<group>";
		};
		2C2E64C61B78DCD300B25B6E /* Map */ = {
			isa = PBXGroup;
			children = (
				A06593D51C72F06200148D2B /* TileSheet */,
				A02DDEE51C7AF0C9007C5BC2 /* Map.swift */,
				A0B420791BCBDAC700FBACF7 /* TiledMapJsonParser.swift */,
			);
			path = Map;
			sourceTree = "<group>";
		};
		2C2E64C71B78DCDF00B25B6E /* A-star */ = {
			isa = PBXGroup;
			children = (
				2C2E64C21B78DA2000B25B6E /* AStar.swift */,
				D7A7CE151B761B1500E0557C /* Node.swift */,
			);
			path = "A-star";
			sourceTree = "<group>";
		};
		981DBCD92BFFE134BED803A5 /* Frameworks */ = {
			isa = PBXGroup;
			children = (
				C2C518581BF2EDF721F1D5E0 /* Pods.framework */,
				E6374CF11E5C9D33D3C537CB /* Pods_RunTowardTheLight.framework */,
				99F2AB7D20E4C6EA09FA69C3 /* Pods_RunTowardTheLightTests.framework */,
			);
			name = Frameworks;
			sourceTree = "<group>";
		};
		A02DDEE71C7BD01E007C5BC2 /* Setting */ = {
			isa = PBXGroup;
			children = (
				2C2143331D53308D006D3C50 /* ItemTable.swift */,
				A02DDEE81C7BD050007C5BC2 /* objectNameTable.swift */,
				A0D8398E1C8010E1005CC12D /* talkerImage.swift */,
				A0112D8F1C7DB10700E225CC /* zPositionTable.swift */,
			);
			path = Setting;
			sourceTree = "<group>";
		};
		A05BEFA51BB538C300A17C13 /* Character */ = {
			isa = PBXGroup;
			children = (
				2C2D319A1D531983000D8A2B /* player.xcassets */,
				2C2D319C1D531AA6000D8A2B /* mob.xcassets */,
			);
			path = Character;
			sourceTree = "<group>";
		};
		A06593D51C72F06200148D2B /* TileSheet */ = {
			isa = PBXGroup;
			children = (
				A06593D61C72F07600148D2B /* MapObject */,
				2C2E64C41B78DC7600B25B6E /* TileCoordinate.swift */,
				A02DDEE11C7ACEAD007C5BC2 /* TileSet.swift */,
				D7D980001B6F05C3000704B0 /* TileSheet.swift */,
			);
			path = TileSheet;
			sourceTree = "<group>";
		};
		A06593D61C72F07600148D2B /* MapObject */ = {
			isa = PBXGroup;
			children = (
				A06593D11C721A1000148D2B /* MapObject.swift */,
				D7D8A5AA1B70652600147A45 /* Object.swift */,
				D7D97FFE1B6F05B1000704B0 /* Tile.swift */,
				2C2D31921D525F35000D8A2B /* EventListenerGenerator.swift */,
			);
			path = MapObject;
			sourceTree = "<group>";
		};
		A07DEBB11C9BAA2600B787BA /* common */ = {
			isa = PBXGroup;
			children = (
				D7747D241B6E58F300793445 /* UIButtonAnimated.swift */,
				A07DEBB21C9BAA3600B787BA /* DialogLabel.swift */,
				2C0564971D4B062300A2F527 /* myButton.swift */,
				2C2D31941D52F39F000D8A2B /* String+subscript.swift */,
				2C2D31961D530F35000D8A2B /* DIRECTION.swift */,
				2C2D31981D530F67000D8A2B /* IMAGE_SET.swift */,
			);
			path = common;
			sourceTree = "<group>";
		};
		A096E5641B9D65C100CED511 /* Dialog */ = {
			isa = PBXGroup;
			children = (
				2C2E64CA1B78F15300B25B6E /* Dialog.swift */,
				A0D839931C8017AD005CC12D /* TalkBodyParser.swift */,
			);
			path = Dialog;
			sourceTree = "<group>";
		};
		A0B3C8481B991B7F00DEDDE0 /* Event */ = {
			isa = PBXGroup;
			children = (
				2C2D31911D524717000D8A2B /* EventListener */,
				2C363A531B7B20260042FA2D /* EventDispatcher.swift */,
				A0B3C8491B991DA500DEDDE0 /* EventListener.swift */,
				2C556E801D50C11B00E03414 /* EventManager.swift */,
			);
			path = Event;
			sourceTree = "<group>";
		};
		A0D839901C8016B9005CC12D /* talking */ = {
			isa = PBXGroup;
			children = (
				A0D839911C80176D005CC12D /* talk_01.txt */,
			);
			path = talking;
			sourceTree = "<group>";
		};
		D7BFE53D1B5218E500AB0D3A /* src */ = {
			isa = PBXGroup;
			children = (
				D7BFE53F1B5218F800AB0D3A /* Controller */,
				D7BFE53E1B5218F000AB0D3A /* Model */,
				D7BFE5401B5218FE00AB0D3A /* View */,
				D7C1579F1B3E9CD400C13909 /* AppDelegate.swift */,
			);
			path = src;
			sourceTree = "<group>";
		};
		D7BFE53E1B5218F000AB0D3A /* Model */ = {
			isa = PBXGroup;
			children = (
				2C2143351D534544006D3C50 /* DataModel */,
				A07DEBB11C9BAA2600B787BA /* common */,
				2C2E64C71B78DCDF00B25B6E /* A-star */,
				A096E5641B9D65C100CED511 /* Dialog */,
				A0B3C8481B991B7F00DEDDE0 /* Event */,
				2C2E64C61B78DCD300B25B6E /* Map */,
				A02DDEE71C7BD01E007C5BC2 /* Setting */,
				2CAEA0BC1D4AE1C90084D8B0 /* MenuSceneModel.swift */,
			);
			path = Model;
			sourceTree = "<group>";
		};
		D7BFE53F1B5218F800AB0D3A /* Controller */ = {
			isa = PBXGroup;
			children = (
				D7C157A51B3E9CD400C13909 /* GameViewController.swift */,
				D72319F11B5699F200D13BAA /* TitleViewController.swift */,
				A07DEBA51C9B7F7700B787BA /* MenuViewController.swift */,
			);
			path = Controller;
			sourceTree = "<group>";
		};
		D7BFE5401B5218FE00AB0D3A /* View */ = {
			isa = PBXGroup;
			children = (
				2C0564961D4B034C00A2F527 /* components */,
				D7BFE5471B521BBF00AB0D3A /* TitleScene.swift */,
				A06D85A81C7EA58A003F19BB /* TitleScene.xib */,
				D7C157A31B3E9CD400C13909 /* GameScene.swift */,
				A0D85B7A1C9AF2CE009B34AC /* GameScene.xib */,
				A07DEBA31C9B7DF200B787BA /* MenuScene.swift */,
				A07DEBA11C9B7B6100B787BA /* MenuScene.xib */,
			);
			path = View;
			sourceTree = "<group>";
		};
		D7BFE5411B5219E400AB0D3A /* resources */ = {
			isa = PBXGroup;
			children = (
				D7BFE5461B521A8C00AB0D3A /* image */,
				A0D839901C8016B9005CC12D /* talking */,
			);
			path = resources;
			sourceTree = "<group>";
		};
		D7BFE5461B521A8C00AB0D3A /* image */ = {
			isa = PBXGroup;
			children = (
				A05BEFA51BB538C300A17C13 /* Character */,
				D7D8A5A91B7061D100147A45 /* Map */,
				D7C157AA1B3E9CD400C13909 /* Images.xcassets */,
			);
			path = image;
			sourceTree = "<group>";
		};
		D7C157911B3E9CD400C13909 = {
			isa = PBXGroup;
			children = (
				981DBCD92BFFE134BED803A5 /* Frameworks */,
				D7C1579B1B3E9CD400C13909 /* Products */,
				D7C1579C1B3E9CD400C13909 /* RunTowardTheLight */,
				D7C157B61B3E9CD400C13909 /* RunTowardTheLightTests */,
				F632A6F4B4FE86F84AC43F66 /* Pods */,
			);
			sourceTree = "<group>";
		};
		D7C1579B1B3E9CD400C13909 /* Products */ = {
			isa = PBXGroup;
			children = (
				D7C1579A1B3E9CD400C13909 /* RunTowardTheLight.app */,
				D7C157B31B3E9CD400C13909 /* RunTowardTheLightTests.xctest */,
			);
			name = Products;
			sourceTree = "<group>";
		};
		D7C1579C1B3E9CD400C13909 /* RunTowardTheLight */ = {
			isa = PBXGroup;
			children = (
				D7C1579D1B3E9CD400C13909 /* Supporting Files */,
				D7BFE5411B5219E400AB0D3A /* resources */,
				D7BFE53D1B5218E500AB0D3A /* src */,
			);
			path = RunTowardTheLight;
			sourceTree = "<group>";
		};
		D7C1579D1B3E9CD400C13909 /* Supporting Files */ = {
			isa = PBXGroup;
			children = (
				D7C157A11B3E9CD400C13909 /* GameScene.sks */,
				D7C1579E1B3E9CD400C13909 /* Info.plist */,
			);
			path = "Supporting Files";
			sourceTree = "<group>";
		};
		D7C157B61B3E9CD400C13909 /* RunTowardTheLightTests */ = {
			isa = PBXGroup;
			children = (
				D7C157B71B3E9CD400C13909 /* Supporting Files */,
				D7C157B91B3E9CD400C13909 /* RunTowardTheLightTests.swift */,
			);
			path = RunTowardTheLightTests;
			sourceTree = "<group>";
		};
		D7C157B71B3E9CD400C13909 /* Supporting Files */ = {
			isa = PBXGroup;
			children = (
				D7C157B81B3E9CD400C13909 /* Info.plist */,
			);
			path = "Supporting Files";
			sourceTree = "<group>";
		};
		D7D8A5A91B7061D100147A45 /* Map */ = {
			isa = PBXGroup;
			children = (
				A02F0CAA1C284D0F00997B86 /* black.png */,
				A02F0CA71C284CB500997B86 /* sample_map02.json */,
				2C2D31A21D531CD2000D8A2B /* kanamonoMap.xcassets */,
			);
			path = Map;
			sourceTree = "<group>";
		};
		F632A6F4B4FE86F84AC43F66 /* Pods */ = {
			isa = PBXGroup;
			children = (
				5B9881F547528DC93B922240 /* Pods-RunTowardTheLight.debug.xcconfig */,
				9D01E4F79EC0364D73943671 /* Pods-RunTowardTheLight.release.xcconfig */,
				FBE1D21CE4A157F78DA05009 /* Pods-RunTowardTheLightTests.debug.xcconfig */,
				B0D0AAA047C30B2BB97C0796 /* Pods-RunTowardTheLightTests.release.xcconfig */,
			);
			name = Pods;
			sourceTree = "<group>";
		};
/* End PBXGroup section */

/* Begin PBXNativeTarget section */
		D7C157991B3E9CD400C13909 /* RunTowardTheLight */ = {
			isa = PBXNativeTarget;
			buildConfigurationList = D7C157BD1B3E9CD400C13909 /* Build configuration list for PBXNativeTarget "RunTowardTheLight" */;
			buildPhases = (
				BE3BA151E38F061EF04B62A3 /* [CP] Check Pods Manifest.lock */,
				D7C157961B3E9CD400C13909 /* Sources */,
				D7C157971B3E9CD400C13909 /* Frameworks */,
				D7C157981B3E9CD400C13909 /* Resources */,
				9FAB313E0D293BEB2C847F42 /* [CP] Embed Pods Frameworks */,
				E280C59F61F4FD21AC55F6BB /* [CP] Copy Pods Resources */,
			);
			buildRules = (
			);
			dependencies = (
			);
			name = RunTowardTheLight;
			productName = RunTowardTheLight;
			productReference = D7C1579A1B3E9CD400C13909 /* RunTowardTheLight.app */;
			productType = "com.apple.product-type.application";
		};
		D7C157B21B3E9CD400C13909 /* RunTowardTheLightTests */ = {
			isa = PBXNativeTarget;
			buildConfigurationList = D7C157C01B3E9CD400C13909 /* Build configuration list for PBXNativeTarget "RunTowardTheLightTests" */;
			buildPhases = (
				23D49C89B2E525A4B7550F0F /* [CP] Check Pods Manifest.lock */,
				D7C157AF1B3E9CD400C13909 /* Sources */,
				D7C157B01B3E9CD400C13909 /* Frameworks */,
				D7C157B11B3E9CD400C13909 /* Resources */,
				F8524AF9278F1050E3F7C642 /* [CP] Embed Pods Frameworks */,
				2E4A7DBEFC61699D7FDBF5E6 /* [CP] Copy Pods Resources */,
			);
			buildRules = (
			);
			dependencies = (
				D7C157B51B3E9CD400C13909 /* PBXTargetDependency */,
			);
			name = RunTowardTheLightTests;
			productName = RunTowardTheLightTests;
			productReference = D7C157B31B3E9CD400C13909 /* RunTowardTheLightTests.xctest */;
			productType = "com.apple.product-type.bundle.unit-test";
		};
/* End PBXNativeTarget section */

/* Begin PBXProject section */
		D7C157921B3E9CD400C13909 /* Project object */ = {
			isa = PBXProject;
			attributes = {
				LastSwiftMigration = 0700;
				LastSwiftUpdateCheck = 0700;
				LastUpgradeCheck = 0730;
				ORGANIZATIONNAME = "兎澤佑";
				TargetAttributes = {
					D7C157991B3E9CD400C13909 = {
						CreatedOnToolsVersion = 6.3.2;
						DevelopmentTeam = RY2377PP7S;
					};
					D7C157B21B3E9CD400C13909 = {
						CreatedOnToolsVersion = 6.3.2;
						TestTargetID = D7C157991B3E9CD400C13909;
					};
				};
			};
			buildConfigurationList = D7C157951B3E9CD400C13909 /* Build configuration list for PBXProject "RunTowardTheLight" */;
			compatibilityVersion = "Xcode 3.2";
			developmentRegion = English;
			hasScannedForEncodings = 0;
			knownRegions = (
				en,
				Base,
			);
			mainGroup = D7C157911B3E9CD400C13909;
			productRefGroup = D7C1579B1B3E9CD400C13909 /* Products */;
			projectDirPath = "";
			projectRoot = "";
			targets = (
				D7C157991B3E9CD400C13909 /* RunTowardTheLight */,
				D7C157B21B3E9CD400C13909 /* RunTowardTheLightTests */,
			);
		};
/* End PBXProject section */

/* Begin PBXResourcesBuildPhase section */
		D7C157981B3E9CD400C13909 /* Resources */ = {
			isa = PBXResourcesBuildPhase;
			buildActionMask = 2147483647;
			files = (
				A02F0CB51C284D0F00997B86 /* black.png in Resources */,
				D7C157AB1B3E9CD400C13909 /* Images.xcassets in Resources */,
				A07DEBAE1C9B9E9700B787BA /* ItemCell.xib in Resources */,
				D7C157A21B3E9CD400C13909 /* GameScene.sks in Resources */,
				A07DEBA21C9B7B6100B787BA /* MenuScene.xib in Resources */,
				2C2D31A31D531CD2000D8A2B /* kanamonoMap.xcassets in Resources */,
				A0D85B7B1C9AF2CE009B34AC /* GameScene.xib in Resources */,
				A06D85A91C7EA58A003F19BB /* TitleScene.xib in Resources */,
				A02F0CA91C284CB500997B86 /* sample_map02.json in Resources */,
				2C2D319B1D531983000D8A2B /* player.xcassets in Resources */,
				A0D839921C80176D005CC12D /* talk_01.txt in Resources */,
				2C2D319D1D531AA6000D8A2B /* mob.xcassets in Resources */,
			);
			runOnlyForDeploymentPostprocessing = 0;
		};
		D7C157B11B3E9CD400C13909 /* Resources */ = {
			isa = PBXResourcesBuildPhase;
			buildActionMask = 2147483647;
			files = (
			);
			runOnlyForDeploymentPostprocessing = 0;
		};
/* End PBXResourcesBuildPhase section */

/* Begin PBXShellScriptBuildPhase section */
		23D49C89B2E525A4B7550F0F /* [CP] Check Pods Manifest.lock */ = {
			isa = PBXShellScriptBuildPhase;
			buildActionMask = 2147483647;
			files = (
			);
			inputPaths = (
			);
			name = "[CP] Check Pods Manifest.lock";
			outputPaths = (
			);
			runOnlyForDeploymentPostprocessing = 0;
			shellPath = /bin/sh;
			shellScript = "diff \"${PODS_ROOT}/../Podfile.lock\" \"${PODS_ROOT}/Manifest.lock\" > /dev/null\nif [[ $? != 0 ]] ; then\n    cat << EOM\nerror: The sandbox is not in sync with the Podfile.lock. Run 'pod install' or update your CocoaPods installation.\nEOM\n    exit 1\nfi\n";
			showEnvVarsInLog = 0;
		};
		2E4A7DBEFC61699D7FDBF5E6 /* [CP] Copy Pods Resources */ = {
			isa = PBXShellScriptBuildPhase;
			buildActionMask = 2147483647;
			files = (
			);
			inputPaths = (
			);
			name = "[CP] Copy Pods Resources";
			outputPaths = (
			);
			runOnlyForDeploymentPostprocessing = 0;
			shellPath = /bin/sh;
			shellScript = "\"${SRCROOT}/Pods/Target Support Files/Pods-RunTowardTheLightTests/Pods-RunTowardTheLightTests-resources.sh\"\n";
			showEnvVarsInLog = 0;
		};
		9FAB313E0D293BEB2C847F42 /* [CP] Embed Pods Frameworks */ = {
			isa = PBXShellScriptBuildPhase;
			buildActionMask = 2147483647;
			files = (
			);
			inputPaths = (
			);
			name = "[CP] Embed Pods Frameworks";
			outputPaths = (
			);
			runOnlyForDeploymentPostprocessing = 0;
			shellPath = /bin/sh;
			shellScript = "\"${SRCROOT}/Pods/Target Support Files/Pods-RunTowardTheLight/Pods-RunTowardTheLight-frameworks.sh\"\n";
			showEnvVarsInLog = 0;
		};
		BE3BA151E38F061EF04B62A3 /* [CP] Check Pods Manifest.lock */ = {
			isa = PBXShellScriptBuildPhase;
			buildActionMask = 2147483647;
			files = (
			);
			inputPaths = (
			);
			name = "[CP] Check Pods Manifest.lock";
			outputPaths = (
			);
			runOnlyForDeploymentPostprocessing = 0;
			shellPath = /bin/sh;
			shellScript = "diff \"${PODS_ROOT}/../Podfile.lock\" \"${PODS_ROOT}/Manifest.lock\" > /dev/null\nif [[ $? != 0 ]] ; then\n    cat << EOM\nerror: The sandbox is not in sync with the Podfile.lock. Run 'pod install' or update your CocoaPods installation.\nEOM\n    exit 1\nfi\n";
			showEnvVarsInLog = 0;
		};
		E280C59F61F4FD21AC55F6BB /* [CP] Copy Pods Resources */ = {
			isa = PBXShellScriptBuildPhase;
			buildActionMask = 2147483647;
			files = (
			);
			inputPaths = (
			);
			name = "[CP] Copy Pods Resources";
			outputPaths = (
			);
			runOnlyForDeploymentPostprocessing = 0;
			shellPath = /bin/sh;
			shellScript = "\"${SRCROOT}/Pods/Target Support Files/Pods-RunTowardTheLight/Pods-RunTowardTheLight-resources.sh\"\n";
			showEnvVarsInLog = 0;
		};
		F8524AF9278F1050E3F7C642 /* [CP] Embed Pods Frameworks */ = {
			isa = PBXShellScriptBuildPhase;
			buildActionMask = 2147483647;
			files = (
			);
			inputPaths = (
			);
			name = "[CP] Embed Pods Frameworks";
			outputPaths = (
			);
			runOnlyForDeploymentPostprocessing = 0;
			shellPath = /bin/sh;
			shellScript = "\"${SRCROOT}/Pods/Target Support Files/Pods-RunTowardTheLightTests/Pods-RunTowardTheLightTests-frameworks.sh\"\n";
			showEnvVarsInLog = 0;
		};
/* End PBXShellScriptBuildPhase section */

/* Begin PBXSourcesBuildPhase section */
		D7C157961B3E9CD400C13909 /* Sources */ = {
			isa = PBXSourcesBuildPhase;
			buildActionMask = 2147483647;
			files = (
				D7747D251B6E58F300793445 /* UIButtonAnimated.swift in Sources */,
				2C2D31931D525F35000D8A2B /* EventListenerGenerator.swift in Sources */,
				D7A7CE161B761B1500E0557C /* Node.swift in Sources */,
				A07DEBB01C9B9EBF00B787BA /* ItemCell.swift in Sources */,
				D7C157A41B3E9CD400C13909 /* GameScene.swift in Sources */,
				D7C157A61B3E9CD400C13909 /* GameViewController.swift in Sources */,
				A02DDEE91C7BD050007C5BC2 /* objectNameTable.swift in Sources */,
				D7D97FFF1B6F05B1000704B0 /* Tile.swift in Sources */,
				2C0564981D4B062300A2F527 /* myButton.swift in Sources */,
				D7D8A5AB1B70652600147A45 /* Object.swift in Sources */,
				2C2D31951D52F39F000D8A2B /* String+subscript.swift in Sources */,
				2C2143341D53308D006D3C50 /* ItemTable.swift in Sources */,
				2C2D31971D530F35000D8A2B /* DIRECTION.swift in Sources */,
				A07DEBA61C9B7F7700B787BA /* MenuViewController.swift in Sources */,
				A0112D901C7DB10700E225CC /* zPositionTable.swift in Sources */,
				D7C157A01B3E9CD400C13909 /* AppDelegate.swift in Sources */,
				D7BFE5481B521BBF00AB0D3A /* TitleScene.swift in Sources */,
				2C2E64C31B78DA2000B25B6E /* AStar.swift in Sources */,
				A02DDEE61C7AF0C9007C5BC2 /* Map.swift in Sources */,
				A06593D21C721A1000148D2B /* MapObject.swift in Sources */,
				2C2E64C51B78DC7600B25B6E /* TileCoordinate.swift in Sources */,
				A0D8398F1C8010E1005CC12D /* talkerImage.swift in Sources */,
				A02DDEE21C7ACEAE007C5BC2 /* TileSet.swift in Sources */,
				A07DEBA41C9B7DF200B787BA /* MenuScene.swift in Sources */,
				A07DEBB31C9BAA3600B787BA /* DialogLabel.swift in Sources */,
				A0B3C84A1B991DA500DEDDE0 /* EventListener.swift in Sources */,
				2CB5CB5E1D55F8410017C17F /* ActivateButtonListener.swift in Sources */,
				2C2E64CB1B78F15300B25B6E /* Dialog.swift in Sources */,
				2C2D31A51D531F04000D8A2B /* ItemGetEvent.swift in Sources */,
				2CAEA0BD1D4AE1C90084D8B0 /* MenuSceneModel.swift in Sources */,
				2C556E811D50C11B00E03414 /* EventManager.swift in Sources */,
				D72319F21B5699F200D13BAA /* TitleViewController.swift in Sources */,
				2C2D31901D5242E5000D8A2B /* TalkEventListener.swift in Sources */,
				A0B4207A1BCBDAC700FBACF7 /* TiledMapJsonParser.swift in Sources */,
				2C2143371D5345A5006D3C50 /* DataModels.swift in Sources */,
				2C556E7C1D4BA60400E03414 /* WalkEventListener.swift in Sources */,
				2C2D31991D530F67000D8A2B /* IMAGE_SET.swift in Sources */,
				2C363A541B7B20260042FA2D /* EventDispatcher.swift in Sources */,
				A0D839941C8017AD005CC12D /* TalkBodyParser.swift in Sources */,
				D7D980011B6F05C3000704B0 /* TileSheet.swift in Sources */,
			);
			runOnlyForDeploymentPostprocessing = 0;
		};
		D7C157AF1B3E9CD400C13909 /* Sources */ = {
			isa = PBXSourcesBuildPhase;
			buildActionMask = 2147483647;
			files = (
				D7C157BA1B3E9CD400C13909 /* RunTowardTheLightTests.swift in Sources */,
			);
			runOnlyForDeploymentPostprocessing = 0;
		};
/* End PBXSourcesBuildPhase section */

/* Begin PBXTargetDependency section */
		D7C157B51B3E9CD400C13909 /* PBXTargetDependency */ = {
			isa = PBXTargetDependency;
			target = D7C157991B3E9CD400C13909 /* RunTowardTheLight */;
			targetProxy = D7C157B41B3E9CD400C13909 /* PBXContainerItemProxy */;
		};
/* End PBXTargetDependency section */

/* Begin XCBuildConfiguration section */
		D7C157BB1B3E9CD400C13909 /* Debug */ = {
			isa = XCBuildConfiguration;
			buildSettings = {
				ALWAYS_SEARCH_USER_PATHS = NO;
				CLANG_CXX_LANGUAGE_STANDARD = "gnu++0x";
				CLANG_CXX_LIBRARY = "libc++";
				CLANG_ENABLE_MODULES = YES;
				CLANG_ENABLE_OBJC_ARC = YES;
				CLANG_WARN_BOOL_CONVERSION = YES;
				CLANG_WARN_CONSTANT_CONVERSION = YES;
				CLANG_WARN_DIRECT_OBJC_ISA_USAGE = YES_ERROR;
				CLANG_WARN_EMPTY_BODY = YES;
				CLANG_WARN_ENUM_CONVERSION = YES;
				CLANG_WARN_INT_CONVERSION = YES;
				CLANG_WARN_OBJC_ROOT_CLASS = YES_ERROR;
				CLANG_WARN_UNREACHABLE_CODE = YES;
				CLANG_WARN__DUPLICATE_METHOD_MATCH = YES;
				"CODE_SIGN_IDENTITY[sdk=iphoneos*]" = "iPhone Developer";
				COPY_PHASE_STRIP = NO;
				DEBUG_INFORMATION_FORMAT = "dwarf-with-dsym";
				ENABLE_STRICT_OBJC_MSGSEND = YES;
				ENABLE_TESTABILITY = YES;
				GCC_C_LANGUAGE_STANDARD = gnu99;
				GCC_DYNAMIC_NO_PIC = NO;
				GCC_NO_COMMON_BLOCKS = YES;
				GCC_OPTIMIZATION_LEVEL = 0;
				GCC_PREPROCESSOR_DEFINITIONS = (
					"DEBUG=1",
					"$(inherited)",
				);
				GCC_SYMBOLS_PRIVATE_EXTERN = NO;
				GCC_WARN_64_TO_32_BIT_CONVERSION = YES;
				GCC_WARN_ABOUT_RETURN_TYPE = YES_ERROR;
				GCC_WARN_UNDECLARED_SELECTOR = YES;
				GCC_WARN_UNINITIALIZED_AUTOS = YES_AGGRESSIVE;
				GCC_WARN_UNUSED_FUNCTION = YES;
				GCC_WARN_UNUSED_VARIABLE = YES;
				IPHONEOS_DEPLOYMENT_TARGET = 8.4;
				MTL_ENABLE_DEBUG_INFO = YES;
				ONLY_ACTIVE_ARCH = YES;
				SDKROOT = iphoneos;
				SWIFT_OPTIMIZATION_LEVEL = "-Onone";
				TARGETED_DEVICE_FAMILY = "1,2";
			};
			name = Debug;
		};
		D7C157BC1B3E9CD400C13909 /* Release */ = {
			isa = XCBuildConfiguration;
			buildSettings = {
				ALWAYS_SEARCH_USER_PATHS = NO;
				CLANG_CXX_LANGUAGE_STANDARD = "gnu++0x";
				CLANG_CXX_LIBRARY = "libc++";
				CLANG_ENABLE_MODULES = YES;
				CLANG_ENABLE_OBJC_ARC = YES;
				CLANG_WARN_BOOL_CONVERSION = YES;
				CLANG_WARN_CONSTANT_CONVERSION = YES;
				CLANG_WARN_DIRECT_OBJC_ISA_USAGE = YES_ERROR;
				CLANG_WARN_EMPTY_BODY = YES;
				CLANG_WARN_ENUM_CONVERSION = YES;
				CLANG_WARN_INT_CONVERSION = YES;
				CLANG_WARN_OBJC_ROOT_CLASS = YES_ERROR;
				CLANG_WARN_UNREACHABLE_CODE = YES;
				CLANG_WARN__DUPLICATE_METHOD_MATCH = YES;
				"CODE_SIGN_IDENTITY[sdk=iphoneos*]" = "iPhone Developer";
				COPY_PHASE_STRIP = NO;
				DEBUG_INFORMATION_FORMAT = "dwarf-with-dsym";
				ENABLE_NS_ASSERTIONS = NO;
				ENABLE_STRICT_OBJC_MSGSEND = YES;
				GCC_C_LANGUAGE_STANDARD = gnu99;
				GCC_NO_COMMON_BLOCKS = YES;
				GCC_WARN_64_TO_32_BIT_CONVERSION = YES;
				GCC_WARN_ABOUT_RETURN_TYPE = YES_ERROR;
				GCC_WARN_UNDECLARED_SELECTOR = YES;
				GCC_WARN_UNINITIALIZED_AUTOS = YES_AGGRESSIVE;
				GCC_WARN_UNUSED_FUNCTION = YES;
				GCC_WARN_UNUSED_VARIABLE = YES;
				IPHONEOS_DEPLOYMENT_TARGET = 8.4;
				MTL_ENABLE_DEBUG_INFO = NO;
				SDKROOT = iphoneos;
				TARGETED_DEVICE_FAMILY = "1,2";
				VALIDATE_PRODUCT = YES;
			};
			name = Release;
		};
		D7C157BE1B3E9CD400C13909 /* Debug */ = {
			isa = XCBuildConfiguration;
			baseConfigurationReference = 5B9881F547528DC93B922240 /* Pods-RunTowardTheLight.debug.xcconfig */;
			buildSettings = {
				ASSETCATALOG_COMPILER_APPICON_NAME = AppIcon;
				CODE_SIGN_IDENTITY = "iPhone Developer";
				"CODE_SIGN_IDENTITY[sdk=iphoneos*]" = "iPhone Developer";
				INFOPLIST_FILE = "RunTowardTheLight/Supporting Files/Info.plist";
				LD_RUNPATH_SEARCH_PATHS = "$(inherited) @executable_path/Frameworks";
				PRODUCT_BUNDLE_IDENTIFIER = "example.com.$(PRODUCT_NAME:rfc1034identifier)";
				PRODUCT_NAME = "$(TARGET_NAME)";
				PROVISIONING_PROFILE = "";
				TARGETED_DEVICE_FAMILY = 1;
			};
			name = Debug;
		};
		D7C157BF1B3E9CD400C13909 /* Release */ = {
			isa = XCBuildConfiguration;
			baseConfigurationReference = 9D01E4F79EC0364D73943671 /* Pods-RunTowardTheLight.release.xcconfig */;
			buildSettings = {
				ASSETCATALOG_COMPILER_APPICON_NAME = AppIcon;
				CODE_SIGN_IDENTITY = "iPhone Developer";
				"CODE_SIGN_IDENTITY[sdk=iphoneos*]" = "iPhone Developer";
				INFOPLIST_FILE = "RunTowardTheLight/Supporting Files/Info.plist";
				LD_RUNPATH_SEARCH_PATHS = "$(inherited) @executable_path/Frameworks";
				PRODUCT_BUNDLE_IDENTIFIER = "example.com.$(PRODUCT_NAME:rfc1034identifier)";
				PRODUCT_NAME = "$(TARGET_NAME)";
				PROVISIONING_PROFILE = "";
				TARGETED_DEVICE_FAMILY = 1;
			};
			name = Release;
		};
		D7C157C11B3E9CD400C13909 /* Debug */ = {
			isa = XCBuildConfiguration;
			baseConfigurationReference = FBE1D21CE4A157F78DA05009 /* Pods-RunTowardTheLightTests.debug.xcconfig */;
			buildSettings = {
				BUNDLE_LOADER = "$(TEST_HOST)";
				FRAMEWORK_SEARCH_PATHS = (
					"$(SDKROOT)/Developer/Library/Frameworks",
					"$(inherited)",
				);
				GCC_PREPROCESSOR_DEFINITIONS = (
					"DEBUG=1",
					"$(inherited)",
				);
				INFOPLIST_FILE = "RunTowardTheLightTests/Supporting Files/Info.plist";
				LD_RUNPATH_SEARCH_PATHS = "$(inherited) @executable_path/Frameworks @loader_path/Frameworks";
				PRODUCT_BUNDLE_IDENTIFIER = "example.com.$(PRODUCT_NAME:rfc1034identifier)";
				PRODUCT_NAME = "$(TARGET_NAME)";
				TEST_HOST = "$(BUILT_PRODUCTS_DIR)/RunTowardTheLight.app/RunTowardTheLight";
			};
			name = Debug;
		};
		D7C157C21B3E9CD400C13909 /* Release */ = {
			isa = XCBuildConfiguration;
			baseConfigurationReference = B0D0AAA047C30B2BB97C0796 /* Pods-RunTowardTheLightTests.release.xcconfig */;
			buildSettings = {
				BUNDLE_LOADER = "$(TEST_HOST)";
				FRAMEWORK_SEARCH_PATHS = (
					"$(SDKROOT)/Developer/Library/Frameworks",
					"$(inherited)",
				);
				INFOPLIST_FILE = "RunTowardTheLightTests/Supporting Files/Info.plist";
				LD_RUNPATH_SEARCH_PATHS = "$(inherited) @executable_path/Frameworks @loader_path/Frameworks";
				PRODUCT_BUNDLE_IDENTIFIER = "example.com.$(PRODUCT_NAME:rfc1034identifier)";
				PRODUCT_NAME = "$(TARGET_NAME)";
				TEST_HOST = "$(BUILT_PRODUCTS_DIR)/RunTowardTheLight.app/RunTowardTheLight";
			};
			name = Release;
		};
/* End XCBuildConfiguration section */

/* Begin XCConfigurationList section */
		D7C157951B3E9CD400C13909 /* Build configuration list for PBXProject "RunTowardTheLight" */ = {
			isa = XCConfigurationList;
			buildConfigurations = (
				D7C157BB1B3E9CD400C13909 /* Debug */,
				D7C157BC1B3E9CD400C13909 /* Release */,
			);
			defaultConfigurationIsVisible = 0;
			defaultConfigurationName = Release;
		};
		D7C157BD1B3E9CD400C13909 /* Build configuration list for PBXNativeTarget "RunTowardTheLight" */ = {
			isa = XCConfigurationList;
			buildConfigurations = (
				D7C157BE1B3E9CD400C13909 /* Debug */,
				D7C157BF1B3E9CD400C13909 /* Release */,
			);
			defaultConfigurationIsVisible = 0;
			defaultConfigurationName = Release;
		};
		D7C157C01B3E9CD400C13909 /* Build configuration list for PBXNativeTarget "RunTowardTheLightTests" */ = {
			isa = XCConfigurationList;
			buildConfigurations = (
				D7C157C11B3E9CD400C13909 /* Debug */,
				D7C157C21B3E9CD400C13909 /* Release */,
			);
			defaultConfigurationIsVisible = 0;
			defaultConfigurationName = Release;
		};
/* End XCConfigurationList section */
	};
	rootObject = D7C157921B3E9CD400C13909 /* Project object */;
}
