<?xml version="1.0" encoding="UTF-8"?>
<!DOCTYPE plist PUBLIC "-//Apple//DTD PLIST 1.0//EN" "http://www.apple.com/DTDs/PropertyList-1.0.dtd">
<plist version="1.0">
<dict>
	<key>archiveVersion</key>
	<string>1</string>
	<key>classes</key>
	<dict/>
	<key>objectVersion</key>
	<string>46</string>
	<key>objects</key>
	<dict>
		<key>094461156FB6E15DBCAA8578</key>
		<dict>
			<key>fileRef</key>
			<string>99F2AB7D20E4C6EA09FA69C3</string>
			<key>isa</key>
			<string>PBXBuildFile</string>
		</dict>
		<key>23D49C89B2E525A4B7550F0F</key>
		<dict>
			<key>buildActionMask</key>
			<string>2147483647</string>
			<key>files</key>
			<array/>
			<key>inputPaths</key>
			<array/>
			<key>isa</key>
			<string>PBXShellScriptBuildPhase</string>
			<key>name</key>
			<string>[CP] Check Pods Manifest.lock</string>
			<key>outputPaths</key>
			<array/>
			<key>runOnlyForDeploymentPostprocessing</key>
			<string>0</string>
			<key>shellPath</key>
			<string>/bin/sh</string>
			<key>shellScript</key>
			<string>diff "${PODS_ROOT}/../Podfile.lock" "${PODS_ROOT}/Manifest.lock" &gt; /dev/null
if [[ $? != 0 ]] ; then
    cat &lt;&lt; EOM
error: The sandbox is not in sync with the Podfile.lock. Run 'pod install' or update your CocoaPods installation.
EOM
    exit 1
fi
</string>
			<key>showEnvVarsInLog</key>
			<string>0</string>
		</dict>
		<key>2C0564961D4B034C00A2F527</key>
		<dict>
			<key>children</key>
			<array>
				<string>A07DEBAF1C9B9EBF00B787BA</string>
				<string>A07DEBAD1C9B9E9700B787BA</string>
			</array>
			<key>isa</key>
			<string>PBXGroup</string>
			<key>path</key>
			<string>components</string>
			<key>sourceTree</key>
			<string>&lt;group&gt;</string>
		</dict>
		<key>2C0564971D4B062300A2F527</key>
		<dict>
			<key>fileEncoding</key>
			<string>4</string>
			<key>isa</key>
			<string>PBXFileReference</string>
			<key>lastKnownFileType</key>
			<string>sourcecode.swift</string>
			<key>path</key>
			<string>myButton.swift</string>
			<key>sourceTree</key>
			<string>&lt;group&gt;</string>
		</dict>
		<key>2C0564981D4B062300A2F527</key>
		<dict>
			<key>fileRef</key>
			<string>2C0564971D4B062300A2F527</string>
			<key>isa</key>
			<string>PBXBuildFile</string>
		</dict>
		<key>2C2D318F1D5242E5000D8A2B</key>
		<dict>
			<key>fileEncoding</key>
			<string>4</string>
			<key>isa</key>
			<string>PBXFileReference</string>
			<key>lastKnownFileType</key>
			<string>sourcecode.swift</string>
			<key>path</key>
			<string>TalkEventListener.swift</string>
			<key>sourceTree</key>
			<string>&lt;group&gt;</string>
		</dict>
		<key>2C2D31901D5242E5000D8A2B</key>
		<dict>
			<key>fileRef</key>
			<string>2C2D318F1D5242E5000D8A2B</string>
			<key>isa</key>
			<string>PBXBuildFile</string>
		</dict>
		<key>2C2D31911D524717000D8A2B</key>
		<dict>
			<key>children</key>
			<array>
				<string>2C2D318F1D5242E5000D8A2B</string>
				<string>2C556E7B1D4BA60400E03414</string>
			</array>
			<key>isa</key>
			<string>PBXGroup</string>
			<key>path</key>
			<string>EventListener</string>
			<key>sourceTree</key>
			<string>&lt;group&gt;</string>
		</dict>
		<key>2C2D31921D525F35000D8A2B</key>
		<dict>
			<key>fileEncoding</key>
			<string>4</string>
			<key>isa</key>
			<string>PBXFileReference</string>
			<key>lastKnownFileType</key>
			<string>sourcecode.swift</string>
			<key>path</key>
			<string>EventListenerGenerator.swift</string>
			<key>sourceTree</key>
			<string>&lt;group&gt;</string>
		</dict>
		<key>2C2D31931D525F35000D8A2B</key>
		<dict>
			<key>fileRef</key>
			<string>2C2D31921D525F35000D8A2B</string>
			<key>isa</key>
			<string>PBXBuildFile</string>
		</dict>
		<key>2C2D31941D52F39F000D8A2B</key>
		<dict>
			<key>fileEncoding</key>
			<string>4</string>
			<key>isa</key>
			<string>PBXFileReference</string>
			<key>lastKnownFileType</key>
			<string>sourcecode.swift</string>
			<key>path</key>
			<string>String+subscript.swift</string>
			<key>sourceTree</key>
			<string>&lt;group&gt;</string>
		</dict>
		<key>2C2D31951D52F39F000D8A2B</key>
		<dict>
			<key>fileRef</key>
			<string>2C2D31941D52F39F000D8A2B</string>
			<key>isa</key>
			<string>PBXBuildFile</string>
		</dict>
		<key>2C2D31961D530F35000D8A2B</key>
		<dict>
			<key>fileEncoding</key>
			<string>4</string>
			<key>isa</key>
			<string>PBXFileReference</string>
			<key>lastKnownFileType</key>
			<string>sourcecode.swift</string>
			<key>path</key>
			<string>DIRECTION.swift</string>
			<key>sourceTree</key>
			<string>&lt;group&gt;</string>
		</dict>
		<key>2C2D31971D530F35000D8A2B</key>
		<dict>
			<key>fileRef</key>
			<string>2C2D31961D530F35000D8A2B</string>
			<key>isa</key>
			<string>PBXBuildFile</string>
		</dict>
		<key>2C2D31981D530F67000D8A2B</key>
		<dict>
			<key>fileEncoding</key>
			<string>4</string>
			<key>isa</key>
			<string>PBXFileReference</string>
			<key>lastKnownFileType</key>
			<string>sourcecode.swift</string>
			<key>path</key>
			<string>IMAGE_SET.swift</string>
			<key>sourceTree</key>
			<string>&lt;group&gt;</string>
		</dict>
		<key>2C2D31991D530F67000D8A2B</key>
		<dict>
			<key>fileRef</key>
			<string>2C2D31981D530F67000D8A2B</string>
			<key>isa</key>
			<string>PBXBuildFile</string>
		</dict>
		<key>2C2D319A1D531983000D8A2B</key>
		<dict>
			<key>isa</key>
			<string>PBXFileReference</string>
			<key>lastKnownFileType</key>
			<string>folder.assetcatalog</string>
			<key>name</key>
			<string>player.xcassets</string>
			<key>path</key>
			<string>player.xcassets</string>
			<key>sourceTree</key>
			<string>&lt;group&gt;</string>
		</dict>
		<key>2C2D319B1D531983000D8A2B</key>
		<dict>
			<key>fileRef</key>
			<string>2C2D319A1D531983000D8A2B</string>
			<key>isa</key>
			<string>PBXBuildFile</string>
		</dict>
		<key>2C2D319C1D531AA6000D8A2B</key>
		<dict>
			<key>isa</key>
			<string>PBXFileReference</string>
			<key>lastKnownFileType</key>
			<string>folder.assetcatalog</string>
			<key>name</key>
			<string>mob.xcassets</string>
			<key>path</key>
			<string>mob.xcassets</string>
			<key>sourceTree</key>
			<string>&lt;group&gt;</string>
		</dict>
		<key>2C2D319D1D531AA6000D8A2B</key>
		<dict>
			<key>fileRef</key>
			<string>2C2D319C1D531AA6000D8A2B</string>
			<key>isa</key>
			<string>PBXBuildFile</string>
		</dict>
		<key>2C2D31A21D531CD2000D8A2B</key>
		<dict>
			<key>isa</key>
			<string>PBXFileReference</string>
			<key>lastKnownFileType</key>
			<string>folder.assetcatalog</string>
			<key>path</key>
			<string>kanamonoMap.xcassets</string>
			<key>sourceTree</key>
			<string>&lt;group&gt;</string>
		</dict>
		<key>2C2D31A31D531CD2000D8A2B</key>
		<dict>
			<key>fileRef</key>
			<string>2C2D31A21D531CD2000D8A2B</string>
			<key>isa</key>
			<string>PBXBuildFile</string>
		</dict>
		<key>2C2E64C21B78DA2000B25B6E</key>
		<dict>
			<key>fileEncoding</key>
			<string>4</string>
			<key>isa</key>
			<string>PBXFileReference</string>
			<key>lastKnownFileType</key>
			<string>sourcecode.swift</string>
			<key>path</key>
			<string>AStar.swift</string>
			<key>sourceTree</key>
			<string>&lt;group&gt;</string>
		</dict>
		<key>2C2E64C31B78DA2000B25B6E</key>
		<dict>
			<key>fileRef</key>
			<string>2C2E64C21B78DA2000B25B6E</string>
			<key>isa</key>
			<string>PBXBuildFile</string>
		</dict>
		<key>2C2E64C41B78DC7600B25B6E</key>
		<dict>
			<key>fileEncoding</key>
			<string>4</string>
			<key>isa</key>
			<string>PBXFileReference</string>
			<key>lastKnownFileType</key>
			<string>sourcecode.swift</string>
			<key>path</key>
			<string>TileCoordinate.swift</string>
			<key>sourceTree</key>
			<string>&lt;group&gt;</string>
		</dict>
		<key>2C2E64C51B78DC7600B25B6E</key>
		<dict>
			<key>fileRef</key>
			<string>2C2E64C41B78DC7600B25B6E</string>
			<key>isa</key>
			<string>PBXBuildFile</string>
		</dict>
		<key>2C2E64C61B78DCD300B25B6E</key>
		<dict>
			<key>children</key>
			<array>
				<string>A06593D51C72F06200148D2B</string>
				<string>A02DDEE51C7AF0C9007C5BC2</string>
				<string>A0B420791BCBDAC700FBACF7</string>
			</array>
			<key>isa</key>
			<string>PBXGroup</string>
			<key>path</key>
			<string>Map</string>
			<key>sourceTree</key>
			<string>&lt;group&gt;</string>
		</dict>
		<key>2C2E64C71B78DCDF00B25B6E</key>
		<dict>
			<key>children</key>
			<array>
				<string>2C2E64C21B78DA2000B25B6E</string>
				<string>D7A7CE151B761B1500E0557C</string>
			</array>
			<key>isa</key>
			<string>PBXGroup</string>
			<key>path</key>
			<string>A-star</string>
			<key>sourceTree</key>
			<string>&lt;group&gt;</string>
		</dict>
		<key>2C2E64CA1B78F15300B25B6E</key>
		<dict>
			<key>fileEncoding</key>
			<string>4</string>
			<key>isa</key>
			<string>PBXFileReference</string>
			<key>lastKnownFileType</key>
			<string>sourcecode.swift</string>
			<key>path</key>
			<string>Dialog.swift</string>
			<key>sourceTree</key>
			<string>&lt;group&gt;</string>
		</dict>
		<key>2C2E64CB1B78F15300B25B6E</key>
		<dict>
			<key>fileRef</key>
			<string>2C2E64CA1B78F15300B25B6E</string>
			<key>isa</key>
			<string>PBXBuildFile</string>
		</dict>
		<key>2C363A531B7B20260042FA2D</key>
		<dict>
			<key>fileEncoding</key>
			<string>4</string>
			<key>isa</key>
			<string>PBXFileReference</string>
			<key>lastKnownFileType</key>
			<string>sourcecode.swift</string>
			<key>path</key>
			<string>EventDispatcher.swift</string>
			<key>sourceTree</key>
			<string>&lt;group&gt;</string>
		</dict>
		<key>2C363A541B7B20260042FA2D</key>
		<dict>
			<key>fileRef</key>
			<string>2C363A531B7B20260042FA2D</string>
			<key>isa</key>
			<string>PBXBuildFile</string>
		</dict>
		<key>2C556E7B1D4BA60400E03414</key>
		<dict>
			<key>fileEncoding</key>
			<string>4</string>
			<key>isa</key>
			<string>PBXFileReference</string>
			<key>lastKnownFileType</key>
			<string>sourcecode.swift</string>
			<key>path</key>
			<string>WalkEventListener.swift</string>
			<key>sourceTree</key>
			<string>&lt;group&gt;</string>
		</dict>
		<key>2C556E7C1D4BA60400E03414</key>
		<dict>
			<key>fileRef</key>
			<string>2C556E7B1D4BA60400E03414</string>
			<key>isa</key>
			<string>PBXBuildFile</string>
		</dict>
		<key>2C556E801D50C11B00E03414</key>
		<dict>
			<key>fileEncoding</key>
			<string>4</string>
			<key>isa</key>
			<string>PBXFileReference</string>
			<key>lastKnownFileType</key>
			<string>sourcecode.swift</string>
			<key>path</key>
			<string>EventManager.swift</string>
			<key>sourceTree</key>
			<string>&lt;group&gt;</string>
		</dict>
		<key>2C556E811D50C11B00E03414</key>
		<dict>
			<key>fileRef</key>
			<string>2C556E801D50C11B00E03414</string>
			<key>isa</key>
			<string>PBXBuildFile</string>
		</dict>
		<key>2CAEA0BC1D4AE1C90084D8B0</key>
		<dict>
			<key>fileEncoding</key>
			<string>4</string>
			<key>isa</key>
			<string>PBXFileReference</string>
			<key>lastKnownFileType</key>
			<string>sourcecode.swift</string>
			<key>path</key>
			<string>MenuSceneModel.swift</string>
			<key>sourceTree</key>
			<string>&lt;group&gt;</string>
		</dict>
		<key>2CAEA0BD1D4AE1C90084D8B0</key>
		<dict>
			<key>fileRef</key>
			<string>2CAEA0BC1D4AE1C90084D8B0</string>
			<key>isa</key>
			<string>PBXBuildFile</string>
		</dict>
		<key>2E4A7DBEFC61699D7FDBF5E6</key>
		<dict>
			<key>buildActionMask</key>
			<string>2147483647</string>
			<key>files</key>
			<array/>
			<key>inputPaths</key>
			<array/>
			<key>isa</key>
			<string>PBXShellScriptBuildPhase</string>
			<key>name</key>
			<string>[CP] Copy Pods Resources</string>
			<key>outputPaths</key>
			<array/>
			<key>runOnlyForDeploymentPostprocessing</key>
			<string>0</string>
			<key>shellPath</key>
			<string>/bin/sh</string>
			<key>shellScript</key>
			<string>"${SRCROOT}/Pods/Target Support Files/Pods-RunTowardTheLightTests/Pods-RunTowardTheLightTests-resources.sh"
</string>
			<key>showEnvVarsInLog</key>
			<string>0</string>
		</dict>
		<key>5B9881F547528DC93B922240</key>
		<dict>
			<key>includeInIndex</key>
			<string>1</string>
			<key>isa</key>
			<string>PBXFileReference</string>
			<key>lastKnownFileType</key>
			<string>text.xcconfig</string>
			<key>name</key>
			<string>Pods-RunTowardTheLight.debug.xcconfig</string>
			<key>path</key>
			<string>Pods/Target Support Files/Pods-RunTowardTheLight/Pods-RunTowardTheLight.debug.xcconfig</string>
			<key>sourceTree</key>
			<string>&lt;group&gt;</string>
		</dict>
		<key>981DBCD92BFFE134BED803A5</key>
		<dict>
			<key>children</key>
			<array>
				<string>C2C518581BF2EDF721F1D5E0</string>
				<string>E6374CF11E5C9D33D3C537CB</string>
				<string>99F2AB7D20E4C6EA09FA69C3</string>
			</array>
			<key>isa</key>
			<string>PBXGroup</string>
			<key>name</key>
			<string>Frameworks</string>
			<key>sourceTree</key>
			<string>&lt;group&gt;</string>
		</dict>
		<key>99F2AB7D20E4C6EA09FA69C3</key>
		<dict>
			<key>explicitFileType</key>
			<string>wrapper.framework</string>
			<key>includeInIndex</key>
			<string>0</string>
			<key>isa</key>
			<string>PBXFileReference</string>
			<key>path</key>
			<string>Pods_RunTowardTheLightTests.framework</string>
			<key>sourceTree</key>
			<string>BUILT_PRODUCTS_DIR</string>
		</dict>
		<key>9D01E4F79EC0364D73943671</key>
		<dict>
			<key>includeInIndex</key>
			<string>1</string>
			<key>isa</key>
			<string>PBXFileReference</string>
			<key>lastKnownFileType</key>
			<string>text.xcconfig</string>
			<key>name</key>
			<string>Pods-RunTowardTheLight.release.xcconfig</string>
			<key>path</key>
			<string>Pods/Target Support Files/Pods-RunTowardTheLight/Pods-RunTowardTheLight.release.xcconfig</string>
			<key>sourceTree</key>
			<string>&lt;group&gt;</string>
		</dict>
		<key>9FAB313E0D293BEB2C847F42</key>
		<dict>
			<key>buildActionMask</key>
			<string>2147483647</string>
			<key>files</key>
			<array/>
			<key>inputPaths</key>
			<array/>
			<key>isa</key>
			<string>PBXShellScriptBuildPhase</string>
			<key>name</key>
			<string>[CP] Embed Pods Frameworks</string>
			<key>outputPaths</key>
			<array/>
			<key>runOnlyForDeploymentPostprocessing</key>
			<string>0</string>
			<key>shellPath</key>
			<string>/bin/sh</string>
			<key>shellScript</key>
			<string>"${SRCROOT}/Pods/Target Support Files/Pods-RunTowardTheLight/Pods-RunTowardTheLight-frameworks.sh"
</string>
			<key>showEnvVarsInLog</key>
			<string>0</string>
		</dict>
		<key>A0112D8F1C7DB10700E225CC</key>
		<dict>
			<key>fileEncoding</key>
			<string>4</string>
			<key>isa</key>
			<string>PBXFileReference</string>
			<key>lastKnownFileType</key>
			<string>sourcecode.swift</string>
			<key>path</key>
			<string>zPositionTable.swift</string>
			<key>sourceTree</key>
			<string>&lt;group&gt;</string>
		</dict>
		<key>A0112D901C7DB10700E225CC</key>
		<dict>
			<key>fileRef</key>
			<string>A0112D8F1C7DB10700E225CC</string>
			<key>isa</key>
			<string>PBXBuildFile</string>
		</dict>
		<key>A02DDEE11C7ACEAD007C5BC2</key>
		<dict>
			<key>fileEncoding</key>
			<string>4</string>
			<key>isa</key>
			<string>PBXFileReference</string>
			<key>lastKnownFileType</key>
			<string>sourcecode.swift</string>
			<key>path</key>
			<string>TileSet.swift</string>
			<key>sourceTree</key>
			<string>&lt;group&gt;</string>
		</dict>
		<key>A02DDEE21C7ACEAE007C5BC2</key>
		<dict>
			<key>fileRef</key>
			<string>A02DDEE11C7ACEAD007C5BC2</string>
			<key>isa</key>
			<string>PBXBuildFile</string>
		</dict>
		<key>A02DDEE51C7AF0C9007C5BC2</key>
		<dict>
			<key>fileEncoding</key>
			<string>4</string>
			<key>isa</key>
			<string>PBXFileReference</string>
			<key>lastKnownFileType</key>
			<string>sourcecode.swift</string>
			<key>path</key>
			<string>Map.swift</string>
			<key>sourceTree</key>
			<string>&lt;group&gt;</string>
		</dict>
		<key>A02DDEE61C7AF0C9007C5BC2</key>
		<dict>
			<key>fileRef</key>
			<string>A02DDEE51C7AF0C9007C5BC2</string>
			<key>isa</key>
			<string>PBXBuildFile</string>
		</dict>
		<key>A02DDEE71C7BD01E007C5BC2</key>
		<dict>
			<key>children</key>
			<array>
				<string>A02DDEE81C7BD050007C5BC2</string>
				<string>A0D8398E1C8010E1005CC12D</string>
				<string>A0112D8F1C7DB10700E225CC</string>
			</array>
			<key>isa</key>
			<string>PBXGroup</string>
			<key>path</key>
			<string>Setting</string>
			<key>sourceTree</key>
			<string>&lt;group&gt;</string>
		</dict>
		<key>A02DDEE81C7BD050007C5BC2</key>
		<dict>
			<key>fileEncoding</key>
			<string>4</string>
			<key>isa</key>
			<string>PBXFileReference</string>
			<key>lastKnownFileType</key>
			<string>sourcecode.swift</string>
			<key>path</key>
			<string>objectNameTable.swift</string>
			<key>sourceTree</key>
			<string>&lt;group&gt;</string>
		</dict>
		<key>A02DDEE91C7BD050007C5BC2</key>
		<dict>
			<key>fileRef</key>
			<string>A02DDEE81C7BD050007C5BC2</string>
			<key>isa</key>
			<string>PBXBuildFile</string>
		</dict>
		<key>A02F0CA71C284CB500997B86</key>
		<dict>
			<key>fileEncoding</key>
			<string>4</string>
			<key>isa</key>
			<string>PBXFileReference</string>
			<key>lastKnownFileType</key>
			<string>text.json</string>
			<key>path</key>
			<string>sample_map02.json</string>
			<key>sourceTree</key>
			<string>&lt;group&gt;</string>
		</dict>
		<key>A02F0CA91C284CB500997B86</key>
		<dict>
			<key>fileRef</key>
			<string>A02F0CA71C284CB500997B86</string>
			<key>isa</key>
			<string>PBXBuildFile</string>
		</dict>
		<key>A02F0CAA1C284D0F00997B86</key>
		<dict>
			<key>isa</key>
			<string>PBXFileReference</string>
			<key>lastKnownFileType</key>
			<string>image.png</string>
			<key>path</key>
			<string>black.png</string>
			<key>sourceTree</key>
			<string>&lt;group&gt;</string>
		</dict>
		<key>A02F0CB51C284D0F00997B86</key>
		<dict>
			<key>fileRef</key>
			<string>A02F0CAA1C284D0F00997B86</string>
			<key>isa</key>
			<string>PBXBuildFile</string>
		</dict>
		<key>A05BEFA51BB538C300A17C13</key>
		<dict>
			<key>children</key>
			<array>
				<string>2C2D319A1D531983000D8A2B</string>
				<string>2C2D319C1D531AA6000D8A2B</string>
			</array>
			<key>isa</key>
			<string>PBXGroup</string>
			<key>name</key>
			<string>Character</string>
			<key>path</key>
			<string>Character</string>
			<key>sourceTree</key>
			<string>&lt;group&gt;</string>
		</dict>
		<key>A06593D11C721A1000148D2B</key>
		<dict>
			<key>fileEncoding</key>
			<string>4</string>
			<key>isa</key>
			<string>PBXFileReference</string>
			<key>lastKnownFileType</key>
			<string>sourcecode.swift</string>
			<key>path</key>
			<string>MapObject.swift</string>
			<key>sourceTree</key>
			<string>&lt;group&gt;</string>
		</dict>
		<key>A06593D21C721A1000148D2B</key>
		<dict>
			<key>fileRef</key>
			<string>A06593D11C721A1000148D2B</string>
			<key>isa</key>
			<string>PBXBuildFile</string>
		</dict>
		<key>A06593D51C72F06200148D2B</key>
		<dict>
			<key>children</key>
			<array>
				<string>A06593D61C72F07600148D2B</string>
				<string>2C2E64C41B78DC7600B25B6E</string>
				<string>A02DDEE11C7ACEAD007C5BC2</string>
				<string>D7D980001B6F05C3000704B0</string>
			</array>
			<key>isa</key>
			<string>PBXGroup</string>
			<key>path</key>
			<string>TileSheet</string>
			<key>sourceTree</key>
			<string>&lt;group&gt;</string>
		</dict>
		<key>A06593D61C72F07600148D2B</key>
		<dict>
			<key>children</key>
			<array>
				<string>A06593D11C721A1000148D2B</string>
				<string>D7D8A5AA1B70652600147A45</string>
				<string>D7D97FFE1B6F05B1000704B0</string>
				<string>2C2D31921D525F35000D8A2B</string>
			</array>
			<key>isa</key>
			<string>PBXGroup</string>
			<key>path</key>
			<string>MapObject</string>
			<key>sourceTree</key>
			<string>&lt;group&gt;</string>
		</dict>
		<key>A06D85A81C7EA58A003F19BB</key>
		<dict>
			<key>fileEncoding</key>
			<string>4</string>
			<key>isa</key>
			<string>PBXFileReference</string>
			<key>lastKnownFileType</key>
			<string>file.xib</string>
			<key>path</key>
			<string>TitleScene.xib</string>
			<key>sourceTree</key>
			<string>&lt;group&gt;</string>
		</dict>
		<key>A06D85A91C7EA58A003F19BB</key>
		<dict>
			<key>fileRef</key>
			<string>A06D85A81C7EA58A003F19BB</string>
			<key>isa</key>
			<string>PBXBuildFile</string>
		</dict>
		<key>A07DEBA11C9B7B6100B787BA</key>
		<dict>
			<key>fileEncoding</key>
			<string>4</string>
			<key>isa</key>
			<string>PBXFileReference</string>
			<key>lastKnownFileType</key>
			<string>file.xib</string>
			<key>path</key>
			<string>MenuScene.xib</string>
			<key>sourceTree</key>
			<string>&lt;group&gt;</string>
		</dict>
		<key>A07DEBA21C9B7B6100B787BA</key>
		<dict>
			<key>fileRef</key>
			<string>A07DEBA11C9B7B6100B787BA</string>
			<key>isa</key>
			<string>PBXBuildFile</string>
		</dict>
		<key>A07DEBA31C9B7DF200B787BA</key>
		<dict>
			<key>fileEncoding</key>
			<string>4</string>
			<key>isa</key>
			<string>PBXFileReference</string>
			<key>lastKnownFileType</key>
			<string>sourcecode.swift</string>
			<key>path</key>
			<string>MenuScene.swift</string>
			<key>sourceTree</key>
			<string>&lt;group&gt;</string>
		</dict>
		<key>A07DEBA41C9B7DF200B787BA</key>
		<dict>
			<key>fileRef</key>
			<string>A07DEBA31C9B7DF200B787BA</string>
			<key>isa</key>
			<string>PBXBuildFile</string>
		</dict>
		<key>A07DEBA51C9B7F7700B787BA</key>
		<dict>
			<key>fileEncoding</key>
			<string>4</string>
			<key>isa</key>
			<string>PBXFileReference</string>
			<key>lastKnownFileType</key>
			<string>sourcecode.swift</string>
			<key>path</key>
			<string>MenuViewController.swift</string>
			<key>sourceTree</key>
			<string>&lt;group&gt;</string>
		</dict>
		<key>A07DEBA61C9B7F7700B787BA</key>
		<dict>
			<key>fileRef</key>
			<string>A07DEBA51C9B7F7700B787BA</string>
			<key>isa</key>
			<string>PBXBuildFile</string>
		</dict>
		<key>A07DEBAD1C9B9E9700B787BA</key>
		<dict>
			<key>fileEncoding</key>
			<string>4</string>
			<key>isa</key>
			<string>PBXFileReference</string>
			<key>lastKnownFileType</key>
			<string>file.xib</string>
			<key>path</key>
			<string>ItemCell.xib</string>
			<key>sourceTree</key>
			<string>&lt;group&gt;</string>
		</dict>
		<key>A07DEBAE1C9B9E9700B787BA</key>
		<dict>
			<key>fileRef</key>
			<string>A07DEBAD1C9B9E9700B787BA</string>
			<key>isa</key>
			<string>PBXBuildFile</string>
		</dict>
		<key>A07DEBAF1C9B9EBF00B787BA</key>
		<dict>
			<key>fileEncoding</key>
			<string>4</string>
			<key>isa</key>
			<string>PBXFileReference</string>
			<key>lastKnownFileType</key>
			<string>sourcecode.swift</string>
			<key>path</key>
			<string>ItemCell.swift</string>
			<key>sourceTree</key>
			<string>&lt;group&gt;</string>
		</dict>
		<key>A07DEBB01C9B9EBF00B787BA</key>
		<dict>
			<key>fileRef</key>
			<string>A07DEBAF1C9B9EBF00B787BA</string>
			<key>isa</key>
			<string>PBXBuildFile</string>
		</dict>
		<key>A07DEBB11C9BAA2600B787BA</key>
		<dict>
			<key>children</key>
			<array>
				<string>D7747D241B6E58F300793445</string>
				<string>A07DEBB21C9BAA3600B787BA</string>
				<string>2C0564971D4B062300A2F527</string>
				<string>2C2D31941D52F39F000D8A2B</string>
				<string>2C2D31961D530F35000D8A2B</string>
				<string>2C2D31981D530F67000D8A2B</string>
			</array>
			<key>isa</key>
			<string>PBXGroup</string>
			<key>path</key>
			<string>common</string>
			<key>sourceTree</key>
			<string>&lt;group&gt;</string>
		</dict>
		<key>A07DEBB21C9BAA3600B787BA</key>
		<dict>
			<key>fileEncoding</key>
			<string>4</string>
			<key>isa</key>
			<string>PBXFileReference</string>
			<key>lastKnownFileType</key>
			<string>sourcecode.swift</string>
			<key>path</key>
			<string>DialogLabel.swift</string>
			<key>sourceTree</key>
			<string>&lt;group&gt;</string>
		</dict>
		<key>A07DEBB31C9BAA3600B787BA</key>
		<dict>
			<key>fileRef</key>
			<string>A07DEBB21C9BAA3600B787BA</string>
			<key>isa</key>
			<string>PBXBuildFile</string>
		</dict>
		<key>A096E5641B9D65C100CED511</key>
		<dict>
			<key>children</key>
			<array>
				<string>2C2E64CA1B78F15300B25B6E</string>
				<string>A0D839931C8017AD005CC12D</string>
			</array>
			<key>isa</key>
			<string>PBXGroup</string>
			<key>path</key>
			<string>Dialog</string>
			<key>sourceTree</key>
			<string>&lt;group&gt;</string>
		</dict>
		<key>A0B3C8481B991B7F00DEDDE0</key>
		<dict>
			<key>children</key>
			<array>
				<string>2C2D31911D524717000D8A2B</string>
				<string>2C363A531B7B20260042FA2D</string>
				<string>A0B3C8491B991DA500DEDDE0</string>
				<string>2C556E801D50C11B00E03414</string>
			</array>
			<key>isa</key>
			<string>PBXGroup</string>
			<key>path</key>
			<string>Event</string>
			<key>sourceTree</key>
			<string>&lt;group&gt;</string>
		</dict>
		<key>A0B3C8491B991DA500DEDDE0</key>
		<dict>
			<key>fileEncoding</key>
			<string>4</string>
			<key>isa</key>
			<string>PBXFileReference</string>
			<key>lastKnownFileType</key>
			<string>sourcecode.swift</string>
			<key>path</key>
			<string>EventListener.swift</string>
			<key>sourceTree</key>
			<string>&lt;group&gt;</string>
		</dict>
		<key>A0B3C84A1B991DA500DEDDE0</key>
		<dict>
			<key>fileRef</key>
			<string>A0B3C8491B991DA500DEDDE0</string>
			<key>isa</key>
			<string>PBXBuildFile</string>
		</dict>
		<key>A0B420791BCBDAC700FBACF7</key>
		<dict>
			<key>fileEncoding</key>
			<string>4</string>
			<key>isa</key>
			<string>PBXFileReference</string>
			<key>lastKnownFileType</key>
			<string>sourcecode.swift</string>
			<key>path</key>
			<string>TiledMapJsonParser.swift</string>
			<key>sourceTree</key>
			<string>&lt;group&gt;</string>
		</dict>
		<key>A0B4207A1BCBDAC700FBACF7</key>
		<dict>
			<key>fileRef</key>
			<string>A0B420791BCBDAC700FBACF7</string>
			<key>isa</key>
			<string>PBXBuildFile</string>
		</dict>
		<key>A0D8398E1C8010E1005CC12D</key>
		<dict>
			<key>fileEncoding</key>
			<string>4</string>
			<key>isa</key>
			<string>PBXFileReference</string>
			<key>lastKnownFileType</key>
			<string>sourcecode.swift</string>
			<key>path</key>
			<string>talkerImage.swift</string>
			<key>sourceTree</key>
			<string>&lt;group&gt;</string>
		</dict>
		<key>A0D8398F1C8010E1005CC12D</key>
		<dict>
			<key>fileRef</key>
			<string>A0D8398E1C8010E1005CC12D</string>
			<key>isa</key>
			<string>PBXBuildFile</string>
		</dict>
		<key>A0D839901C8016B9005CC12D</key>
		<dict>
			<key>children</key>
			<array>
				<string>A0D839911C80176D005CC12D</string>
			</array>
			<key>isa</key>
			<string>PBXGroup</string>
			<key>path</key>
			<string>talking</string>
			<key>sourceTree</key>
			<string>&lt;group&gt;</string>
		</dict>
		<key>A0D839911C80176D005CC12D</key>
		<dict>
			<key>fileEncoding</key>
			<string>4</string>
			<key>isa</key>
			<string>PBXFileReference</string>
			<key>lastKnownFileType</key>
			<string>text</string>
			<key>path</key>
			<string>talk_01.txt</string>
			<key>sourceTree</key>
			<string>&lt;group&gt;</string>
		</dict>
		<key>A0D839921C80176D005CC12D</key>
		<dict>
			<key>fileRef</key>
			<string>A0D839911C80176D005CC12D</string>
			<key>isa</key>
			<string>PBXBuildFile</string>
		</dict>
		<key>A0D839931C8017AD005CC12D</key>
		<dict>
			<key>fileEncoding</key>
			<string>4</string>
			<key>isa</key>
			<string>PBXFileReference</string>
			<key>lastKnownFileType</key>
			<string>sourcecode.swift</string>
			<key>path</key>
			<string>TalkBodyParser.swift</string>
			<key>sourceTree</key>
			<string>&lt;group&gt;</string>
		</dict>
		<key>A0D839941C8017AD005CC12D</key>
		<dict>
			<key>fileRef</key>
			<string>A0D839931C8017AD005CC12D</string>
			<key>isa</key>
			<string>PBXBuildFile</string>
		</dict>
		<key>A0D85B7A1C9AF2CE009B34AC</key>
		<dict>
			<key>fileEncoding</key>
			<string>4</string>
			<key>isa</key>
			<string>PBXFileReference</string>
			<key>lastKnownFileType</key>
			<string>file.xib</string>
			<key>path</key>
			<string>GameScene.xib</string>
			<key>sourceTree</key>
			<string>&lt;group&gt;</string>
		</dict>
		<key>A0D85B7B1C9AF2CE009B34AC</key>
		<dict>
			<key>fileRef</key>
			<string>A0D85B7A1C9AF2CE009B34AC</string>
			<key>isa</key>
			<string>PBXBuildFile</string>
		</dict>
		<key>B0D0AAA047C30B2BB97C0796</key>
		<dict>
			<key>includeInIndex</key>
			<string>1</string>
			<key>isa</key>
			<string>PBXFileReference</string>
			<key>lastKnownFileType</key>
			<string>text.xcconfig</string>
			<key>name</key>
			<string>Pods-RunTowardTheLightTests.release.xcconfig</string>
			<key>path</key>
			<string>Pods/Target Support Files/Pods-RunTowardTheLightTests/Pods-RunTowardTheLightTests.release.xcconfig</string>
			<key>sourceTree</key>
			<string>&lt;group&gt;</string>
		</dict>
		<key>BE3BA151E38F061EF04B62A3</key>
		<dict>
			<key>buildActionMask</key>
			<string>2147483647</string>
			<key>files</key>
			<array/>
			<key>inputPaths</key>
			<array/>
			<key>isa</key>
			<string>PBXShellScriptBuildPhase</string>
			<key>name</key>
			<string>[CP] Check Pods Manifest.lock</string>
			<key>outputPaths</key>
			<array/>
			<key>runOnlyForDeploymentPostprocessing</key>
			<string>0</string>
			<key>shellPath</key>
			<string>/bin/sh</string>
			<key>shellScript</key>
			<string>diff "${PODS_ROOT}/../Podfile.lock" "${PODS_ROOT}/Manifest.lock" &gt; /dev/null
if [[ $? != 0 ]] ; then
    cat &lt;&lt; EOM
error: The sandbox is not in sync with the Podfile.lock. Run 'pod install' or update your CocoaPods installation.
EOM
    exit 1
fi
</string>
			<key>showEnvVarsInLog</key>
			<string>0</string>
		</dict>
		<key>C2C518581BF2EDF721F1D5E0</key>
		<dict>
			<key>explicitFileType</key>
			<string>wrapper.framework</string>
			<key>includeInIndex</key>
			<string>0</string>
			<key>isa</key>
			<string>PBXFileReference</string>
			<key>path</key>
			<string>Pods.framework</string>
			<key>sourceTree</key>
			<string>BUILT_PRODUCTS_DIR</string>
		</dict>
		<key>D72319F11B5699F200D13BAA</key>
		<dict>
			<key>fileEncoding</key>
			<string>4</string>
			<key>isa</key>
			<string>PBXFileReference</string>
			<key>lastKnownFileType</key>
			<string>sourcecode.swift</string>
			<key>path</key>
			<string>TitleViewController.swift</string>
			<key>sourceTree</key>
			<string>&lt;group&gt;</string>
		</dict>
		<key>D72319F21B5699F200D13BAA</key>
		<dict>
			<key>fileRef</key>
			<string>D72319F11B5699F200D13BAA</string>
			<key>isa</key>
			<string>PBXBuildFile</string>
		</dict>
		<key>D7747D241B6E58F300793445</key>
		<dict>
			<key>fileEncoding</key>
			<string>4</string>
			<key>isa</key>
			<string>PBXFileReference</string>
			<key>lastKnownFileType</key>
			<string>sourcecode.swift</string>
			<key>path</key>
			<string>UIButtonAnimated.swift</string>
			<key>sourceTree</key>
			<string>&lt;group&gt;</string>
		</dict>
		<key>D7747D251B6E58F300793445</key>
		<dict>
			<key>fileRef</key>
			<string>D7747D241B6E58F300793445</string>
			<key>isa</key>
			<string>PBXBuildFile</string>
		</dict>
		<key>D7A7CE151B761B1500E0557C</key>
		<dict>
			<key>fileEncoding</key>
			<string>4</string>
			<key>isa</key>
			<string>PBXFileReference</string>
			<key>lastKnownFileType</key>
			<string>sourcecode.swift</string>
			<key>path</key>
			<string>Node.swift</string>
			<key>sourceTree</key>
			<string>&lt;group&gt;</string>
		</dict>
		<key>D7A7CE161B761B1500E0557C</key>
		<dict>
			<key>fileRef</key>
			<string>D7A7CE151B761B1500E0557C</string>
			<key>isa</key>
			<string>PBXBuildFile</string>
		</dict>
		<key>D7BFE53D1B5218E500AB0D3A</key>
		<dict>
			<key>children</key>
			<array>
				<string>D7BFE53F1B5218F800AB0D3A</string>
				<string>D7BFE53E1B5218F000AB0D3A</string>
				<string>D7BFE5401B5218FE00AB0D3A</string>
				<string>D7C1579F1B3E9CD400C13909</string>
			</array>
			<key>isa</key>
			<string>PBXGroup</string>
			<key>path</key>
			<string>src</string>
			<key>sourceTree</key>
			<string>&lt;group&gt;</string>
		</dict>
		<key>D7BFE53E1B5218F000AB0D3A</key>
		<dict>
			<key>children</key>
			<array>
				<string>A07DEBB11C9BAA2600B787BA</string>
				<string>2C2E64C71B78DCDF00B25B6E</string>
				<string>A096E5641B9D65C100CED511</string>
				<string>A0B3C8481B991B7F00DEDDE0</string>
				<string>2C2E64C61B78DCD300B25B6E</string>
				<string>A02DDEE71C7BD01E007C5BC2</string>
				<string>2CAEA0BC1D4AE1C90084D8B0</string>
			</array>
			<key>isa</key>
			<string>PBXGroup</string>
			<key>path</key>
			<string>Model</string>
			<key>sourceTree</key>
			<string>&lt;group&gt;</string>
		</dict>
		<key>D7BFE53F1B5218F800AB0D3A</key>
		<dict>
			<key>children</key>
			<array>
				<string>D7C157A51B3E9CD400C13909</string>
				<string>D72319F11B5699F200D13BAA</string>
				<string>A07DEBA51C9B7F7700B787BA</string>
			</array>
			<key>isa</key>
			<string>PBXGroup</string>
			<key>path</key>
			<string>Controller</string>
			<key>sourceTree</key>
			<string>&lt;group&gt;</string>
		</dict>
		<key>D7BFE5401B5218FE00AB0D3A</key>
		<dict>
			<key>children</key>
			<array>
				<string>2C0564961D4B034C00A2F527</string>
				<string>D7BFE5471B521BBF00AB0D3A</string>
				<string>A06D85A81C7EA58A003F19BB</string>
				<string>D7C157A31B3E9CD400C13909</string>
				<string>A0D85B7A1C9AF2CE009B34AC</string>
				<string>A07DEBA31C9B7DF200B787BA</string>
				<string>A07DEBA11C9B7B6100B787BA</string>
			</array>
			<key>isa</key>
			<string>PBXGroup</string>
			<key>path</key>
			<string>View</string>
			<key>sourceTree</key>
			<string>&lt;group&gt;</string>
		</dict>
		<key>D7BFE5411B5219E400AB0D3A</key>
		<dict>
			<key>children</key>
			<array>
				<string>D7BFE5461B521A8C00AB0D3A</string>
				<string>A0D839901C8016B9005CC12D</string>
			</array>
			<key>isa</key>
			<string>PBXGroup</string>
			<key>path</key>
			<string>resources</string>
			<key>sourceTree</key>
			<string>&lt;group&gt;</string>
		</dict>
		<key>D7BFE5461B521A8C00AB0D3A</key>
		<dict>
			<key>children</key>
			<array>
				<string>A05BEFA51BB538C300A17C13</string>
				<string>D7D8A5A91B7061D100147A45</string>
				<string>D7C157AA1B3E9CD400C13909</string>
			</array>
			<key>isa</key>
			<string>PBXGroup</string>
			<key>path</key>
			<string>image</string>
			<key>sourceTree</key>
			<string>&lt;group&gt;</string>
		</dict>
		<key>D7BFE5471B521BBF00AB0D3A</key>
		<dict>
			<key>fileEncoding</key>
			<string>4</string>
			<key>isa</key>
			<string>PBXFileReference</string>
			<key>lastKnownFileType</key>
			<string>sourcecode.swift</string>
			<key>path</key>
			<string>TitleScene.swift</string>
			<key>sourceTree</key>
			<string>&lt;group&gt;</string>
		</dict>
		<key>D7BFE5481B521BBF00AB0D3A</key>
		<dict>
			<key>fileRef</key>
			<string>D7BFE5471B521BBF00AB0D3A</string>
			<key>isa</key>
			<string>PBXBuildFile</string>
		</dict>
		<key>D7C157911B3E9CD400C13909</key>
		<dict>
			<key>children</key>
			<array>
				<string>981DBCD92BFFE134BED803A5</string>
				<string>D7C1579B1B3E9CD400C13909</string>
				<string>D7C1579C1B3E9CD400C13909</string>
				<string>D7C157B61B3E9CD400C13909</string>
				<string>F632A6F4B4FE86F84AC43F66</string>
			</array>
			<key>isa</key>
			<string>PBXGroup</string>
			<key>sourceTree</key>
			<string>&lt;group&gt;</string>
		</dict>
		<key>D7C157921B3E9CD400C13909</key>
		<dict>
			<key>attributes</key>
			<dict>
				<key>LastSwiftMigration</key>
				<string>0700</string>
				<key>LastSwiftUpdateCheck</key>
				<string>0700</string>
				<key>LastUpgradeCheck</key>
				<string>0730</string>
				<key>ORGANIZATIONNAME</key>
				<string>&#20814;&#28580;&#20305;</string>
				<key>TargetAttributes</key>
				<dict>
					<key>D7C157991B3E9CD400C13909</key>
					<dict>
						<key>CreatedOnToolsVersion</key>
						<string>6.3.2</string>
						<key>DevelopmentTeam</key>
						<string>RY2377PP7S</string>
					</dict>
					<key>D7C157B21B3E9CD400C13909</key>
					<dict>
						<key>CreatedOnToolsVersion</key>
						<string>6.3.2</string>
						<key>TestTargetID</key>
						<string>D7C157991B3E9CD400C13909</string>
					</dict>
				</dict>
			</dict>
			<key>buildConfigurationList</key>
			<string>D7C157951B3E9CD400C13909</string>
			<key>compatibilityVersion</key>
			<string>Xcode 3.2</string>
			<key>developmentRegion</key>
			<string>English</string>
			<key>hasScannedForEncodings</key>
			<string>0</string>
			<key>isa</key>
			<string>PBXProject</string>
			<key>knownRegions</key>
			<array>
				<string>en</string>
				<string>Base</string>
			</array>
			<key>mainGroup</key>
			<string>D7C157911B3E9CD400C13909</string>
			<key>productRefGroup</key>
			<string>D7C1579B1B3E9CD400C13909</string>
			<key>projectDirPath</key>
			<string></string>
			<key>projectReferences</key>
			<array/>
			<key>projectRoot</key>
			<string></string>
			<key>targets</key>
			<array>
				<string>D7C157991B3E9CD400C13909</string>
				<string>D7C157B21B3E9CD400C13909</string>
			</array>
		</dict>
		<key>D7C157951B3E9CD400C13909</key>
		<dict>
			<key>buildConfigurations</key>
			<array>
				<string>D7C157BB1B3E9CD400C13909</string>
				<string>D7C157BC1B3E9CD400C13909</string>
			</array>
			<key>defaultConfigurationIsVisible</key>
			<string>0</string>
			<key>defaultConfigurationName</key>
			<string>Release</string>
			<key>isa</key>
			<string>XCConfigurationList</string>
		</dict>
		<key>D7C157961B3E9CD400C13909</key>
		<dict>
			<key>buildActionMask</key>
			<string>2147483647</string>
			<key>files</key>
			<array>
				<string>D7747D251B6E58F300793445</string>
				<string>2C2D31931D525F35000D8A2B</string>
				<string>D7A7CE161B761B1500E0557C</string>
				<string>A07DEBB01C9B9EBF00B787BA</string>
				<string>D7C157A41B3E9CD400C13909</string>
				<string>D7C157A61B3E9CD400C13909</string>
				<string>A02DDEE91C7BD050007C5BC2</string>
				<string>D7D97FFF1B6F05B1000704B0</string>
				<string>2C0564981D4B062300A2F527</string>
				<string>D7D8A5AB1B70652600147A45</string>
				<string>2C2D31951D52F39F000D8A2B</string>
				<string>2C2D31971D530F35000D8A2B</string>
				<string>A07DEBA61C9B7F7700B787BA</string>
				<string>A0112D901C7DB10700E225CC</string>
				<string>D7C157A01B3E9CD400C13909</string>
				<string>D7BFE5481B521BBF00AB0D3A</string>
				<string>2C2E64C31B78DA2000B25B6E</string>
				<string>A02DDEE61C7AF0C9007C5BC2</string>
				<string>A06593D21C721A1000148D2B</string>
				<string>2C2E64C51B78DC7600B25B6E</string>
				<string>A0D8398F1C8010E1005CC12D</string>
				<string>A02DDEE21C7ACEAE007C5BC2</string>
				<string>A07DEBA41C9B7DF200B787BA</string>
				<string>A07DEBB31C9BAA3600B787BA</string>
				<string>A0B3C84A1B991DA500DEDDE0</string>
				<string>2C2E64CB1B78F15300B25B6E</string>
				<string>2CAEA0BD1D4AE1C90084D8B0</string>
				<string>2C556E811D50C11B00E03414</string>
				<string>D72319F21B5699F200D13BAA</string>
				<string>2C2D31901D5242E5000D8A2B</string>
				<string>A0B4207A1BCBDAC700FBACF7</string>
				<string>2C556E7C1D4BA60400E03414</string>
				<string>2C2D31991D530F67000D8A2B</string>
				<string>2C363A541B7B20260042FA2D</string>
				<string>A0D839941C8017AD005CC12D</string>
				<string>D7D980011B6F05C3000704B0</string>
			</array>
			<key>isa</key>
			<string>PBXSourcesBuildPhase</string>
			<key>runOnlyForDeploymentPostprocessing</key>
			<string>0</string>
		</dict>
		<key>D7C157971B3E9CD400C13909</key>
		<dict>
			<key>buildActionMask</key>
			<string>2147483647</string>
			<key>files</key>
			<array>
				<string>E609D7E2A11EED43CD386F66</string>
			</array>
			<key>isa</key>
			<string>PBXFrameworksBuildPhase</string>
			<key>runOnlyForDeploymentPostprocessing</key>
			<string>0</string>
		</dict>
		<key>D7C157981B3E9CD400C13909</key>
		<dict>
			<key>buildActionMask</key>
			<string>2147483647</string>
			<key>files</key>
			<array>
				<string>A02F0CB51C284D0F00997B86</string>
				<string>D7C157AB1B3E9CD400C13909</string>
				<string>A07DEBAE1C9B9E9700B787BA</string>
				<string>D7C157A21B3E9CD400C13909</string>
				<string>A07DEBA21C9B7B6100B787BA</string>
				<string>2C2D31A31D531CD2000D8A2B</string>
				<string>A0D85B7B1C9AF2CE009B34AC</string>
				<string>A06D85A91C7EA58A003F19BB</string>
				<string>A02F0CA91C284CB500997B86</string>
				<string>2C2D319B1D531983000D8A2B</string>
				<string>A0D839921C80176D005CC12D</string>
				<string>2C2D319D1D531AA6000D8A2B</string>
			</array>
			<key>isa</key>
			<string>PBXResourcesBuildPhase</string>
			<key>runOnlyForDeploymentPostprocessing</key>
			<string>0</string>
		</dict>
		<key>D7C157991B3E9CD400C13909</key>
		<dict>
			<key>buildConfigurationList</key>
			<string>D7C157BD1B3E9CD400C13909</string>
			<key>buildPhases</key>
			<array>
				<string>BE3BA151E38F061EF04B62A3</string>
				<string>D7C157961B3E9CD400C13909</string>
				<string>D7C157971B3E9CD400C13909</string>
				<string>D7C157981B3E9CD400C13909</string>
				<string>9FAB313E0D293BEB2C847F42</string>
				<string>E280C59F61F4FD21AC55F6BB</string>
			</array>
			<key>buildRules</key>
			<array/>
			<key>dependencies</key>
			<array/>
			<key>isa</key>
			<string>PBXNativeTarget</string>
			<key>name</key>
			<string>RunTowardTheLight</string>
			<key>productName</key>
			<string>RunTowardTheLight</string>
			<key>productReference</key>
			<string>D7C1579A1B3E9CD400C13909</string>
			<key>productType</key>
			<string>com.apple.product-type.application</string>
		</dict>
		<key>D7C1579A1B3E9CD400C13909</key>
		<dict>
			<key>explicitFileType</key>
			<string>wrapper.application</string>
			<key>includeInIndex</key>
			<string>0</string>
			<key>isa</key>
			<string>PBXFileReference</string>
			<key>path</key>
			<string>RunTowardTheLight.app</string>
			<key>sourceTree</key>
			<string>BUILT_PRODUCTS_DIR</string>
		</dict>
		<key>D7C1579B1B3E9CD400C13909</key>
		<dict>
			<key>children</key>
			<array>
				<string>D7C1579A1B3E9CD400C13909</string>
				<string>D7C157B31B3E9CD400C13909</string>
			</array>
			<key>isa</key>
			<string>PBXGroup</string>
			<key>name</key>
			<string>Products</string>
			<key>sourceTree</key>
			<string>&lt;group&gt;</string>
		</dict>
		<key>D7C1579C1B3E9CD400C13909</key>
		<dict>
			<key>children</key>
			<array>
				<string>D7C1579D1B3E9CD400C13909</string>
				<string>D7BFE5411B5219E400AB0D3A</string>
				<string>D7BFE53D1B5218E500AB0D3A</string>
			</array>
			<key>isa</key>
			<string>PBXGroup</string>
			<key>path</key>
			<string>RunTowardTheLight</string>
			<key>sourceTree</key>
			<string>&lt;group&gt;</string>
		</dict>
		<key>D7C1579D1B3E9CD400C13909</key>
		<dict>
			<key>children</key>
			<array>
				<string>D7C157A11B3E9CD400C13909</string>
				<string>D7C1579E1B3E9CD400C13909</string>
			</array>
			<key>isa</key>
			<string>PBXGroup</string>
			<key>path</key>
			<string>Supporting Files</string>
			<key>sourceTree</key>
			<string>&lt;group&gt;</string>
		</dict>
		<key>D7C1579E1B3E9CD400C13909</key>
		<dict>
			<key>isa</key>
			<string>PBXFileReference</string>
			<key>lastKnownFileType</key>
			<string>text.plist.xml</string>
			<key>path</key>
			<string>Info.plist</string>
			<key>sourceTree</key>
			<string>&lt;group&gt;</string>
		</dict>
		<key>D7C1579F1B3E9CD400C13909</key>
		<dict>
			<key>isa</key>
			<string>PBXFileReference</string>
			<key>lastKnownFileType</key>
			<string>sourcecode.swift</string>
			<key>path</key>
			<string>AppDelegate.swift</string>
			<key>sourceTree</key>
			<string>&lt;group&gt;</string>
		</dict>
		<key>D7C157A01B3E9CD400C13909</key>
		<dict>
			<key>fileRef</key>
			<string>D7C1579F1B3E9CD400C13909</string>
			<key>isa</key>
			<string>PBXBuildFile</string>
		</dict>
		<key>D7C157A11B3E9CD400C13909</key>
		<dict>
			<key>isa</key>
			<string>PBXFileReference</string>
			<key>lastKnownFileType</key>
			<string>file.sks</string>
			<key>path</key>
			<string>GameScene.sks</string>
			<key>sourceTree</key>
			<string>&lt;group&gt;</string>
		</dict>
		<key>D7C157A21B3E9CD400C13909</key>
		<dict>
			<key>fileRef</key>
			<string>D7C157A11B3E9CD400C13909</string>
			<key>isa</key>
			<string>PBXBuildFile</string>
		</dict>
		<key>D7C157A31B3E9CD400C13909</key>
		<dict>
			<key>isa</key>
			<string>PBXFileReference</string>
			<key>lastKnownFileType</key>
			<string>sourcecode.swift</string>
			<key>path</key>
			<string>GameScene.swift</string>
			<key>sourceTree</key>
			<string>&lt;group&gt;</string>
		</dict>
		<key>D7C157A41B3E9CD400C13909</key>
		<dict>
			<key>fileRef</key>
			<string>D7C157A31B3E9CD400C13909</string>
			<key>isa</key>
			<string>PBXBuildFile</string>
		</dict>
		<key>D7C157A51B3E9CD400C13909</key>
		<dict>
			<key>isa</key>
			<string>PBXFileReference</string>
			<key>lastKnownFileType</key>
			<string>sourcecode.swift</string>
			<key>path</key>
			<string>GameViewController.swift</string>
			<key>sourceTree</key>
			<string>&lt;group&gt;</string>
		</dict>
		<key>D7C157A61B3E9CD400C13909</key>
		<dict>
			<key>fileRef</key>
			<string>D7C157A51B3E9CD400C13909</string>
			<key>isa</key>
			<string>PBXBuildFile</string>
		</dict>
		<key>D7C157AA1B3E9CD400C13909</key>
		<dict>
			<key>isa</key>
			<string>PBXFileReference</string>
			<key>lastKnownFileType</key>
			<string>folder.assetcatalog</string>
			<key>path</key>
			<string>Images.xcassets</string>
			<key>sourceTree</key>
			<string>&lt;group&gt;</string>
		</dict>
		<key>D7C157AB1B3E9CD400C13909</key>
		<dict>
			<key>fileRef</key>
			<string>D7C157AA1B3E9CD400C13909</string>
			<key>isa</key>
			<string>PBXBuildFile</string>
		</dict>
		<key>D7C157AF1B3E9CD400C13909</key>
		<dict>
			<key>buildActionMask</key>
			<string>2147483647</string>
			<key>files</key>
			<array>
				<string>D7C157BA1B3E9CD400C13909</string>
			</array>
			<key>isa</key>
			<string>PBXSourcesBuildPhase</string>
			<key>runOnlyForDeploymentPostprocessing</key>
			<string>0</string>
		</dict>
		<key>D7C157B01B3E9CD400C13909</key>
		<dict>
			<key>buildActionMask</key>
			<string>2147483647</string>
			<key>files</key>
			<array>
				<string>094461156FB6E15DBCAA8578</string>
			</array>
			<key>isa</key>
			<string>PBXFrameworksBuildPhase</string>
			<key>runOnlyForDeploymentPostprocessing</key>
			<string>0</string>
		</dict>
		<key>D7C157B11B3E9CD400C13909</key>
		<dict>
			<key>buildActionMask</key>
			<string>2147483647</string>
			<key>files</key>
			<array/>
			<key>isa</key>
			<string>PBXResourcesBuildPhase</string>
			<key>runOnlyForDeploymentPostprocessing</key>
			<string>0</string>
		</dict>
		<key>D7C157B21B3E9CD400C13909</key>
		<dict>
			<key>buildConfigurationList</key>
			<string>D7C157C01B3E9CD400C13909</string>
			<key>buildPhases</key>
			<array>
				<string>23D49C89B2E525A4B7550F0F</string>
				<string>D7C157AF1B3E9CD400C13909</string>
				<string>D7C157B01B3E9CD400C13909</string>
				<string>D7C157B11B3E9CD400C13909</string>
				<string>F8524AF9278F1050E3F7C642</string>
				<string>2E4A7DBEFC61699D7FDBF5E6</string>
			</array>
			<key>buildRules</key>
			<array/>
			<key>dependencies</key>
			<array>
				<string>D7C157B51B3E9CD400C13909</string>
			</array>
			<key>isa</key>
			<string>PBXNativeTarget</string>
			<key>name</key>
			<string>RunTowardTheLightTests</string>
			<key>productName</key>
			<string>RunTowardTheLightTests</string>
			<key>productReference</key>
			<string>D7C157B31B3E9CD400C13909</string>
			<key>productType</key>
			<string>com.apple.product-type.bundle.unit-test</string>
		</dict>
		<key>D7C157B31B3E9CD400C13909</key>
		<dict>
			<key>explicitFileType</key>
			<string>wrapper.cfbundle</string>
			<key>includeInIndex</key>
			<string>0</string>
			<key>isa</key>
			<string>PBXFileReference</string>
			<key>path</key>
			<string>RunTowardTheLightTests.xctest</string>
			<key>sourceTree</key>
			<string>BUILT_PRODUCTS_DIR</string>
		</dict>
		<key>D7C157B41B3E9CD400C13909</key>
		<dict>
			<key>containerPortal</key>
			<string>D7C157921B3E9CD400C13909</string>
			<key>isa</key>
			<string>PBXContainerItemProxy</string>
			<key>proxyType</key>
			<string>1</string>
			<key>remoteGlobalIDString</key>
			<string>D7C157991B3E9CD400C13909</string>
			<key>remoteInfo</key>
			<string>RunTowardTheLight</string>
		</dict>
		<key>D7C157B51B3E9CD400C13909</key>
		<dict>
			<key>isa</key>
			<string>PBXTargetDependency</string>
			<key>target</key>
			<string>D7C157991B3E9CD400C13909</string>
			<key>targetProxy</key>
			<string>D7C157B41B3E9CD400C13909</string>
		</dict>
		<key>D7C157B61B3E9CD400C13909</key>
		<dict>
			<key>children</key>
			<array>
				<string>D7C157B71B3E9CD400C13909</string>
				<string>D7C157B91B3E9CD400C13909</string>
			</array>
			<key>isa</key>
			<string>PBXGroup</string>
			<key>path</key>
			<string>RunTowardTheLightTests</string>
			<key>sourceTree</key>
			<string>&lt;group&gt;</string>
		</dict>
		<key>D7C157B71B3E9CD400C13909</key>
		<dict>
			<key>children</key>
			<array>
				<string>D7C157B81B3E9CD400C13909</string>
			</array>
			<key>isa</key>
			<string>PBXGroup</string>
			<key>path</key>
			<string>Supporting Files</string>
			<key>sourceTree</key>
			<string>&lt;group&gt;</string>
		</dict>
		<key>D7C157B81B3E9CD400C13909</key>
		<dict>
			<key>isa</key>
			<string>PBXFileReference</string>
			<key>lastKnownFileType</key>
			<string>text.plist.xml</string>
			<key>path</key>
			<string>Info.plist</string>
			<key>sourceTree</key>
			<string>&lt;group&gt;</string>
		</dict>
		<key>D7C157B91B3E9CD400C13909</key>
		<dict>
			<key>isa</key>
			<string>PBXFileReference</string>
			<key>lastKnownFileType</key>
			<string>sourcecode.swift</string>
			<key>path</key>
			<string>RunTowardTheLightTests.swift</string>
			<key>sourceTree</key>
			<string>&lt;group&gt;</string>
		</dict>
		<key>D7C157BA1B3E9CD400C13909</key>
		<dict>
			<key>fileRef</key>
			<string>D7C157B91B3E9CD400C13909</string>
			<key>isa</key>
			<string>PBXBuildFile</string>
		</dict>
		<key>D7C157BB1B3E9CD400C13909</key>
		<dict>
			<key>buildSettings</key>
			<dict>
				<key>ALWAYS_SEARCH_USER_PATHS</key>
				<string>NO</string>
				<key>CLANG_CXX_LANGUAGE_STANDARD</key>
				<string>gnu++0x</string>
				<key>CLANG_CXX_LIBRARY</key>
				<string>libc++</string>
				<key>CLANG_ENABLE_MODULES</key>
				<string>YES</string>
				<key>CLANG_ENABLE_OBJC_ARC</key>
				<string>YES</string>
				<key>CLANG_WARN_BOOL_CONVERSION</key>
				<string>YES</string>
				<key>CLANG_WARN_CONSTANT_CONVERSION</key>
				<string>YES</string>
				<key>CLANG_WARN_DIRECT_OBJC_ISA_USAGE</key>
				<string>YES_ERROR</string>
				<key>CLANG_WARN_EMPTY_BODY</key>
				<string>YES</string>
				<key>CLANG_WARN_ENUM_CONVERSION</key>
				<string>YES</string>
				<key>CLANG_WARN_INT_CONVERSION</key>
				<string>YES</string>
				<key>CLANG_WARN_OBJC_ROOT_CLASS</key>
				<string>YES_ERROR</string>
				<key>CLANG_WARN_UNREACHABLE_CODE</key>
				<string>YES</string>
				<key>CLANG_WARN__DUPLICATE_METHOD_MATCH</key>
				<string>YES</string>
				<key>CODE_SIGN_IDENTITY[sdk=iphoneos*]</key>
				<string>iPhone Developer</string>
				<key>COPY_PHASE_STRIP</key>
				<string>NO</string>
				<key>DEBUG_INFORMATION_FORMAT</key>
				<string>dwarf-with-dsym</string>
				<key>ENABLE_STRICT_OBJC_MSGSEND</key>
				<string>YES</string>
				<key>ENABLE_TESTABILITY</key>
				<string>YES</string>
				<key>GCC_C_LANGUAGE_STANDARD</key>
				<string>gnu99</string>
				<key>GCC_DYNAMIC_NO_PIC</key>
				<string>NO</string>
				<key>GCC_NO_COMMON_BLOCKS</key>
				<string>YES</string>
				<key>GCC_OPTIMIZATION_LEVEL</key>
				<string>0</string>
				<key>GCC_PREPROCESSOR_DEFINITIONS</key>
				<array>
					<string>DEBUG=1</string>
					<string>$(inherited)</string>
				</array>
				<key>GCC_SYMBOLS_PRIVATE_EXTERN</key>
				<string>NO</string>
				<key>GCC_WARN_64_TO_32_BIT_CONVERSION</key>
				<string>YES</string>
				<key>GCC_WARN_ABOUT_RETURN_TYPE</key>
				<string>YES_ERROR</string>
				<key>GCC_WARN_UNDECLARED_SELECTOR</key>
				<string>YES</string>
				<key>GCC_WARN_UNINITIALIZED_AUTOS</key>
				<string>YES_AGGRESSIVE</string>
				<key>GCC_WARN_UNUSED_FUNCTION</key>
				<string>YES</string>
				<key>GCC_WARN_UNUSED_VARIABLE</key>
				<string>YES</string>
				<key>IPHONEOS_DEPLOYMENT_TARGET</key>
				<string>8.4</string>
				<key>MTL_ENABLE_DEBUG_INFO</key>
				<string>YES</string>
				<key>ONLY_ACTIVE_ARCH</key>
				<string>YES</string>
				<key>SDKROOT</key>
				<string>iphoneos</string>
				<key>SWIFT_OPTIMIZATION_LEVEL</key>
				<string>-Onone</string>
				<key>TARGETED_DEVICE_FAMILY</key>
				<string>1,2</string>
			</dict>
			<key>isa</key>
			<string>XCBuildConfiguration</string>
			<key>name</key>
			<string>Debug</string>
		</dict>
		<key>D7C157BC1B3E9CD400C13909</key>
		<dict>
			<key>buildSettings</key>
			<dict>
				<key>ALWAYS_SEARCH_USER_PATHS</key>
				<string>NO</string>
				<key>CLANG_CXX_LANGUAGE_STANDARD</key>
				<string>gnu++0x</string>
				<key>CLANG_CXX_LIBRARY</key>
				<string>libc++</string>
				<key>CLANG_ENABLE_MODULES</key>
				<string>YES</string>
				<key>CLANG_ENABLE_OBJC_ARC</key>
				<string>YES</string>
				<key>CLANG_WARN_BOOL_CONVERSION</key>
				<string>YES</string>
				<key>CLANG_WARN_CONSTANT_CONVERSION</key>
				<string>YES</string>
				<key>CLANG_WARN_DIRECT_OBJC_ISA_USAGE</key>
				<string>YES_ERROR</string>
				<key>CLANG_WARN_EMPTY_BODY</key>
				<string>YES</string>
				<key>CLANG_WARN_ENUM_CONVERSION</key>
				<string>YES</string>
				<key>CLANG_WARN_INT_CONVERSION</key>
				<string>YES</string>
				<key>CLANG_WARN_OBJC_ROOT_CLASS</key>
				<string>YES_ERROR</string>
				<key>CLANG_WARN_UNREACHABLE_CODE</key>
				<string>YES</string>
				<key>CLANG_WARN__DUPLICATE_METHOD_MATCH</key>
				<string>YES</string>
				<key>CODE_SIGN_IDENTITY[sdk=iphoneos*]</key>
				<string>iPhone Developer</string>
				<key>COPY_PHASE_STRIP</key>
				<string>NO</string>
				<key>DEBUG_INFORMATION_FORMAT</key>
				<string>dwarf-with-dsym</string>
				<key>ENABLE_NS_ASSERTIONS</key>
				<string>NO</string>
				<key>ENABLE_STRICT_OBJC_MSGSEND</key>
				<string>YES</string>
				<key>GCC_C_LANGUAGE_STANDARD</key>
				<string>gnu99</string>
				<key>GCC_NO_COMMON_BLOCKS</key>
				<string>YES</string>
				<key>GCC_WARN_64_TO_32_BIT_CONVERSION</key>
				<string>YES</string>
				<key>GCC_WARN_ABOUT_RETURN_TYPE</key>
				<string>YES_ERROR</string>
				<key>GCC_WARN_UNDECLARED_SELECTOR</key>
				<string>YES</string>
				<key>GCC_WARN_UNINITIALIZED_AUTOS</key>
				<string>YES_AGGRESSIVE</string>
				<key>GCC_WARN_UNUSED_FUNCTION</key>
				<string>YES</string>
				<key>GCC_WARN_UNUSED_VARIABLE</key>
				<string>YES</string>
				<key>IPHONEOS_DEPLOYMENT_TARGET</key>
				<string>8.4</string>
				<key>MTL_ENABLE_DEBUG_INFO</key>
				<string>NO</string>
				<key>SDKROOT</key>
				<string>iphoneos</string>
				<key>TARGETED_DEVICE_FAMILY</key>
				<string>1,2</string>
				<key>VALIDATE_PRODUCT</key>
				<string>YES</string>
			</dict>
			<key>isa</key>
			<string>XCBuildConfiguration</string>
			<key>name</key>
			<string>Release</string>
		</dict>
		<key>D7C157BD1B3E9CD400C13909</key>
		<dict>
			<key>buildConfigurations</key>
			<array>
				<string>D7C157BE1B3E9CD400C13909</string>
				<string>D7C157BF1B3E9CD400C13909</string>
			</array>
			<key>defaultConfigurationIsVisible</key>
			<string>0</string>
			<key>defaultConfigurationName</key>
			<string>Release</string>
			<key>isa</key>
			<string>XCConfigurationList</string>
		</dict>
		<key>D7C157BE1B3E9CD400C13909</key>
		<dict>
			<key>baseConfigurationReference</key>
			<string>5B9881F547528DC93B922240</string>
			<key>buildSettings</key>
			<dict>
				<key>ASSETCATALOG_COMPILER_APPICON_NAME</key>
				<string>AppIcon</string>
				<key>CODE_SIGN_IDENTITY</key>
				<string>iPhone Developer</string>
				<key>CODE_SIGN_IDENTITY[sdk=iphoneos*]</key>
				<string>iPhone Developer</string>
				<key>INFOPLIST_FILE</key>
				<string>RunTowardTheLight/Supporting Files/Info.plist</string>
				<key>LD_RUNPATH_SEARCH_PATHS</key>
				<string>$(inherited) @executable_path/Frameworks</string>
				<key>PRODUCT_BUNDLE_IDENTIFIER</key>
				<string>example.com.$(PRODUCT_NAME:rfc1034identifier)</string>
				<key>PRODUCT_NAME</key>
				<string>$(TARGET_NAME)</string>
				<key>PROVISIONING_PROFILE</key>
				<string></string>
				<key>TARGETED_DEVICE_FAMILY</key>
				<string>1</string>
			</dict>
			<key>isa</key>
			<string>XCBuildConfiguration</string>
			<key>name</key>
			<string>Debug</string>
		</dict>
		<key>D7C157BF1B3E9CD400C13909</key>
		<dict>
			<key>baseConfigurationReference</key>
			<string>9D01E4F79EC0364D73943671</string>
			<key>buildSettings</key>
			<dict>
				<key>ASSETCATALOG_COMPILER_APPICON_NAME</key>
				<string>AppIcon</string>
				<key>CODE_SIGN_IDENTITY</key>
				<string>iPhone Developer</string>
				<key>CODE_SIGN_IDENTITY[sdk=iphoneos*]</key>
				<string>iPhone Developer</string>
				<key>INFOPLIST_FILE</key>
				<string>RunTowardTheLight/Supporting Files/Info.plist</string>
				<key>LD_RUNPATH_SEARCH_PATHS</key>
				<string>$(inherited) @executable_path/Frameworks</string>
				<key>PRODUCT_BUNDLE_IDENTIFIER</key>
				<string>example.com.$(PRODUCT_NAME:rfc1034identifier)</string>
				<key>PRODUCT_NAME</key>
				<string>$(TARGET_NAME)</string>
				<key>PROVISIONING_PROFILE</key>
				<string></string>
				<key>TARGETED_DEVICE_FAMILY</key>
				<string>1</string>
			</dict>
			<key>isa</key>
			<string>XCBuildConfiguration</string>
			<key>name</key>
			<string>Release</string>
		</dict>
		<key>D7C157C01B3E9CD400C13909</key>
		<dict>
			<key>buildConfigurations</key>
			<array>
				<string>D7C157C11B3E9CD400C13909</string>
				<string>D7C157C21B3E9CD400C13909</string>
			</array>
			<key>defaultConfigurationIsVisible</key>
			<string>0</string>
			<key>defaultConfigurationName</key>
			<string>Release</string>
			<key>isa</key>
			<string>XCConfigurationList</string>
		</dict>
		<key>D7C157C11B3E9CD400C13909</key>
		<dict>
			<key>baseConfigurationReference</key>
			<string>FBE1D21CE4A157F78DA05009</string>
			<key>buildSettings</key>
			<dict>
				<key>BUNDLE_LOADER</key>
				<string>$(TEST_HOST)</string>
				<key>FRAMEWORK_SEARCH_PATHS</key>
				<array>
					<string>$(SDKROOT)/Developer/Library/Frameworks</string>
					<string>$(inherited)</string>
				</array>
				<key>GCC_PREPROCESSOR_DEFINITIONS</key>
				<array>
					<string>DEBUG=1</string>
					<string>$(inherited)</string>
				</array>
				<key>INFOPLIST_FILE</key>
				<string>RunTowardTheLightTests/Supporting Files/Info.plist</string>
				<key>LD_RUNPATH_SEARCH_PATHS</key>
				<string>$(inherited) @executable_path/Frameworks @loader_path/Frameworks</string>
				<key>PRODUCT_BUNDLE_IDENTIFIER</key>
				<string>example.com.$(PRODUCT_NAME:rfc1034identifier)</string>
				<key>PRODUCT_NAME</key>
				<string>$(TARGET_NAME)</string>
				<key>TEST_HOST</key>
				<string>$(BUILT_PRODUCTS_DIR)/RunTowardTheLight.app/RunTowardTheLight</string>
			</dict>
			<key>isa</key>
			<string>XCBuildConfiguration</string>
			<key>name</key>
			<string>Debug</string>
		</dict>
		<key>D7C157C21B3E9CD400C13909</key>
		<dict>
			<key>baseConfigurationReference</key>
			<string>B0D0AAA047C30B2BB97C0796</string>
			<key>buildSettings</key>
			<dict>
				<key>BUNDLE_LOADER</key>
				<string>$(TEST_HOST)</string>
				<key>FRAMEWORK_SEARCH_PATHS</key>
				<array>
					<string>$(SDKROOT)/Developer/Library/Frameworks</string>
					<string>$(inherited)</string>
				</array>
				<key>INFOPLIST_FILE</key>
				<string>RunTowardTheLightTests/Supporting Files/Info.plist</string>
				<key>LD_RUNPATH_SEARCH_PATHS</key>
				<string>$(inherited) @executable_path/Frameworks @loader_path/Frameworks</string>
				<key>PRODUCT_BUNDLE_IDENTIFIER</key>
				<string>example.com.$(PRODUCT_NAME:rfc1034identifier)</string>
				<key>PRODUCT_NAME</key>
				<string>$(TARGET_NAME)</string>
				<key>TEST_HOST</key>
				<string>$(BUILT_PRODUCTS_DIR)/RunTowardTheLight.app/RunTowardTheLight</string>
			</dict>
			<key>isa</key>
			<string>XCBuildConfiguration</string>
			<key>name</key>
			<string>Release</string>
		</dict>
		<key>D7D8A5A91B7061D100147A45</key>
		<dict>
			<key>children</key>
			<array>
				<string>A02F0CAA1C284D0F00997B86</string>
				<string>A02F0CA71C284CB500997B86</string>
				<string>2C2D31A21D531CD2000D8A2B</string>
			</array>
			<key>isa</key>
			<string>PBXGroup</string>
			<key>name</key>
			<string>Map</string>
			<key>path</key>
			<string>Map</string>
			<key>sourceTree</key>
			<string>&lt;group&gt;</string>
		</dict>
		<key>D7D8A5AA1B70652600147A45</key>
		<dict>
			<key>fileEncoding</key>
			<string>4</string>
			<key>isa</key>
			<string>PBXFileReference</string>
			<key>lastKnownFileType</key>
			<string>sourcecode.swift</string>
			<key>path</key>
			<string>Object.swift</string>
			<key>sourceTree</key>
			<string>&lt;group&gt;</string>
		</dict>
		<key>D7D8A5AB1B70652600147A45</key>
		<dict>
			<key>fileRef</key>
			<string>D7D8A5AA1B70652600147A45</string>
			<key>isa</key>
			<string>PBXBuildFile</string>
		</dict>
		<key>D7D97FFE1B6F05B1000704B0</key>
		<dict>
			<key>fileEncoding</key>
			<string>4</string>
			<key>isa</key>
			<string>PBXFileReference</string>
			<key>lastKnownFileType</key>
			<string>sourcecode.swift</string>
			<key>path</key>
			<string>Tile.swift</string>
			<key>sourceTree</key>
			<string>&lt;group&gt;</string>
		</dict>
		<key>D7D97FFF1B6F05B1000704B0</key>
		<dict>
			<key>fileRef</key>
			<string>D7D97FFE1B6F05B1000704B0</string>
			<key>isa</key>
			<string>PBXBuildFile</string>
		</dict>
		<key>D7D980001B6F05C3000704B0</key>
		<dict>
			<key>fileEncoding</key>
			<string>4</string>
			<key>isa</key>
			<string>PBXFileReference</string>
			<key>lastKnownFileType</key>
			<string>sourcecode.swift</string>
			<key>path</key>
			<string>TileSheet.swift</string>
			<key>sourceTree</key>
			<string>&lt;group&gt;</string>
		</dict>
		<key>D7D980011B6F05C3000704B0</key>
		<dict>
			<key>fileRef</key>
			<string>D7D980001B6F05C3000704B0</string>
			<key>isa</key>
			<string>PBXBuildFile</string>
		</dict>
		<key>E280C59F61F4FD21AC55F6BB</key>
		<dict>
			<key>buildActionMask</key>
			<string>2147483647</string>
			<key>files</key>
			<array/>
			<key>inputPaths</key>
			<array/>
			<key>isa</key>
			<string>PBXShellScriptBuildPhase</string>
			<key>name</key>
			<string>[CP] Copy Pods Resources</string>
			<key>outputPaths</key>
			<array/>
			<key>runOnlyForDeploymentPostprocessing</key>
			<string>0</string>
			<key>shellPath</key>
			<string>/bin/sh</string>
			<key>shellScript</key>
			<string>"${SRCROOT}/Pods/Target Support Files/Pods-RunTowardTheLight/Pods-RunTowardTheLight-resources.sh"
</string>
			<key>showEnvVarsInLog</key>
			<string>0</string>
		</dict>
		<key>E609D7E2A11EED43CD386F66</key>
		<dict>
			<key>fileRef</key>
			<string>E6374CF11E5C9D33D3C537CB</string>
			<key>isa</key>
			<string>PBXBuildFile</string>
		</dict>
		<key>E6374CF11E5C9D33D3C537CB</key>
		<dict>
			<key>explicitFileType</key>
			<string>wrapper.framework</string>
			<key>includeInIndex</key>
			<string>0</string>
			<key>isa</key>
			<string>PBXFileReference</string>
			<key>path</key>
			<string>Pods_RunTowardTheLight.framework</string>
			<key>sourceTree</key>
			<string>BUILT_PRODUCTS_DIR</string>
		</dict>
		<key>F632A6F4B4FE86F84AC43F66</key>
		<dict>
			<key>children</key>
			<array>
				<string>5B9881F547528DC93B922240</string>
				<string>9D01E4F79EC0364D73943671</string>
				<string>FBE1D21CE4A157F78DA05009</string>
				<string>B0D0AAA047C30B2BB97C0796</string>
			</array>
			<key>isa</key>
			<string>PBXGroup</string>
			<key>name</key>
			<string>Pods</string>
			<key>sourceTree</key>
			<string>&lt;group&gt;</string>
		</dict>
		<key>F8524AF9278F1050E3F7C642</key>
		<dict>
			<key>buildActionMask</key>
			<string>2147483647</string>
			<key>files</key>
			<array/>
			<key>inputPaths</key>
			<array/>
			<key>isa</key>
			<string>PBXShellScriptBuildPhase</string>
			<key>name</key>
			<string>[CP] Embed Pods Frameworks</string>
			<key>outputPaths</key>
			<array/>
			<key>runOnlyForDeploymentPostprocessing</key>
			<string>0</string>
			<key>shellPath</key>
			<string>/bin/sh</string>
			<key>shellScript</key>
			<string>"${SRCROOT}/Pods/Target Support Files/Pods-RunTowardTheLightTests/Pods-RunTowardTheLightTests-frameworks.sh"
</string>
			<key>showEnvVarsInLog</key>
			<string>0</string>
		</dict>
		<key>FBE1D21CE4A157F78DA05009</key>
		<dict>
			<key>includeInIndex</key>
			<string>1</string>
			<key>isa</key>
			<string>PBXFileReference</string>
			<key>lastKnownFileType</key>
			<string>text.xcconfig</string>
			<key>name</key>
			<string>Pods-RunTowardTheLightTests.debug.xcconfig</string>
			<key>path</key>
			<string>Pods/Target Support Files/Pods-RunTowardTheLightTests/Pods-RunTowardTheLightTests.debug.xcconfig</string>
			<key>sourceTree</key>
			<string>&lt;group&gt;</string>
		</dict>
	</dict>
	<key>rootObject</key>
	<string>D7C157921B3E9CD400C13909</string>
</dict>
</plist>
